
Microsoft Visual Studio Solution File, Format Version 12.00
# Visual Studio Version 17
VisualStudioVersion = 17.2.32602.215
MinimumVisualStudioVersion = 10.0.40219.1
Project("{9A19103F-16F7-4668-BE54-9A1E7A4F7556}") = "MapPuzzle", "MapPuzzle.csproj", "{AEF96892-4CAE-49D7-A102-F12A6F576402}"
EndProject
Global
	GlobalSection(SolutionConfigurationPlatforms) = preSolution
		Debug|Any CPU = Debug|Any CPU
		Release|Any CPU = Release|Any CPU
	EndGlobalSection
	GlobalSection(ProjectConfigurationPlatforms) = postSolution
		{AEF96892-4CAE-49D7-A102-F12A6F576402}.Debug|Any CPU.ActiveCfg = Debug|Any CPU
		{AEF96892-4CAE-49D7-A102-F12A6F576402}.Debug|Any CPU.Build.0 = Debug|Any CPU
		{AEF96892-4CAE-49D7-A102-F12A6F576402}.Release|Any CPU.ActiveCfg = Release|Any CPU
		{AEF96892-4CAE-49D7-A102-F12A6F576402}.Release|Any CPU.Build.0 = Release|Any CPU
	EndGlobalSection
	GlobalSection(SolutionProperties) = preSolution
		HideSolutionNode = FALSE
	EndGlobalSection
	GlobalSection(ExtensibilityGlobals) = postSolution
		SolutionGuid = {A0A12A18-19A5-4BF1-BDE3-7E44C4C25567}
	EndGlobalSection
EndGlobal
