
Microsoft Visual Studio Solution File, Format Version 12.00
# Visual Studio 15
VisualStudioVersion = 15.0.28307.489
MinimumVisualStudioVersion = 10.0.40219.1
Project("{FAE04EC0-301F-11D3-BF4B-00C04F79EFBC}") = "ScreenCoordsToMapPoint", "ScreenCoordsToMapPoint.csproj", "{6CB46498-051C-44E5-AF12-5F5AF064EE79}"
EndProject
Global
	GlobalSection(SolutionConfigurationPlatforms) = preSolution
		Debug|Any CPU = Debug|Any CPU
		Release|Any CPU = Release|Any CPU
	EndGlobalSection
	GlobalSection(ProjectConfigurationPlatforms) = postSolution
		{6CB46498-051C-44E5-AF12-5F5AF064EE79}.Debug|Any CPU.ActiveCfg = Debug|Any CPU
		{6CB46498-051C-44E5-AF12-5F5AF064EE79}.Debug|Any CPU.Build.0 = Debug|Any CPU
		{6CB46498-051C-44E5-AF12-5F5AF064EE79}.Release|Any CPU.ActiveCfg = Release|Any CPU
		{6CB46498-051C-44E5-AF12-5F5AF064EE79}.Release|Any CPU.Build.0 = Release|Any CPU
	EndGlobalSection
	GlobalSection(SolutionProperties) = preSolution
		HideSolutionNode = FALSE
	EndGlobalSection
	GlobalSection(ExtensibilityGlobals) = postSolution
		SolutionGuid = {8DBB52A8-71EC-40BA-9C6B-9577CDF4A117}
	EndGlobalSection
EndGlobal
