
Microsoft Visual Studio Solution File, Format Version 12.00
# Visual Studio Version 16
VisualStudioVersion = 16.0.29215.179
MinimumVisualStudioVersion = 10.0.40219.1
Project("{FAE04EC0-301F-11D3-BF4B-00C04F79EFBC}") = "Inspector_AddAttributeAsync", "Inspector_AddAttributeAsync.csproj", "{DBF33F73-9BFC-4909-9858-86DC00E911D7}"
EndProject
Global
	GlobalSection(SolutionConfigurationPlatforms) = preSolution
		Debug|Any CPU = Debug|Any CPU
		Release|Any CPU = Release|Any CPU
	EndGlobalSection
	GlobalSection(ProjectConfigurationPlatforms) = postSolution
		{DBF33F73-9BFC-4909-9858-86DC00E911D7}.Debug|Any CPU.ActiveCfg = Debug|Any CPU
		{DBF33F73-9BFC-4909-9858-86DC00E911D7}.Debug|Any CPU.Build.0 = Debug|Any CPU
		{DBF33F73-9BFC-4909-9858-86DC00E911D7}.Release|Any CPU.ActiveCfg = Release|Any CPU
		{DBF33F73-9BFC-4909-9858-86DC00E911D7}.Release|Any CPU.Build.0 = Release|Any CPU
	EndGlobalSection
	GlobalSection(SolutionProperties) = preSolution
		HideSolutionNode = FALSE
	EndGlobalSection
	GlobalSection(ExtensibilityGlobals) = postSolution
		SolutionGuid = {3DDF13C3-143A-4E19-B711-F174314DC1D3}
	EndGlobalSection
EndGlobal
