
Microsoft Visual Studio Solution File, Format Version 12.00
# Visual Studio Version 16
VisualStudioVersion = 16.0.30621.155
MinimumVisualStudioVersion = 10.0.40219.1
Project("{FAE04EC0-301F-11D3-BF4B-00C04F79EFBC}") = "ParcelFabricAPI", "ParcelFabricAPI.csproj", "{33CF7364-F4C2-420C-AEF4-501801C1A565}"
EndProject
Global
	GlobalSection(SolutionConfigurationPlatforms) = preSolution
		Debug|Any CPU = Debug|Any CPU
		Release|Any CPU = Release|Any CPU
	EndGlobalSection
	GlobalSection(ProjectConfigurationPlatforms) = postSolution
		{33CF7364-F4C2-420C-AEF4-501801C1A565}.Debug|Any CPU.ActiveCfg = Debug|Any CPU
		{33CF7364-F4C2-420C-AEF4-501801C1A565}.Debug|Any CPU.Build.0 = Debug|Any CPU
		{33CF7364-F4C2-420C-AEF4-501801C1A565}.Release|Any CPU.ActiveCfg = Release|Any CPU
		{33CF7364-F4C2-420C-AEF4-501801C1A565}.Release|Any CPU.Build.0 = Release|Any CPU
	EndGlobalSection
	GlobalSection(SolutionProperties) = preSolution
		HideSolutionNode = FALSE
	EndGlobalSection
	GlobalSection(ExtensibilityGlobals) = postSolution
		SolutionGuid = {7D41D8CA-3026-498A-95F2-36A99FD677D5}
	EndGlobalSection
EndGlobal
