
Microsoft Visual Studio Solution File, Format Version 12.00
# Visual Studio Version 16
VisualStudioVersion = 16.0.29509.3
MinimumVisualStudioVersion = 10.0.40219.1
Project("{FAE04EC0-301F-11D3-BF4B-00C04F79EFBC}") = "ConstructToolWithOptions", "ConstructToolWithOptions.csproj", "{8D16216B-B1BE-4FC8-90D5-37EC9694EEBF}"
EndProject
Global
	GlobalSection(SolutionConfigurationPlatforms) = preSolution
		Debug|Any CPU = Debug|Any CPU
		Release|Any CPU = Release|Any CPU
	EndGlobalSection
	GlobalSection(ProjectConfigurationPlatforms) = postSolution
		{8D16216B-B1BE-4FC8-90D5-37EC9694EEBF}.Debug|Any CPU.ActiveCfg = Debug|Any CPU
		{8D16216B-B1BE-4FC8-90D5-37EC9694EEBF}.Debug|Any CPU.Build.0 = Debug|Any CPU
		{8D16216B-B1BE-4FC8-90D5-37EC9694EEBF}.Release|Any CPU.ActiveCfg = Release|Any CPU
		{8D16216B-B1BE-4FC8-90D5-37EC9694EEBF}.Release|Any CPU.Build.0 = Release|Any CPU
	EndGlobalSection
	GlobalSection(SolutionProperties) = preSolution
		HideSolutionNode = FALSE
	EndGlobalSection
	GlobalSection(ExtensibilityGlobals) = postSolution
		SolutionGuid = {8784099D-194A-4AEF-A208-D1BF6F0B2F74}
	EndGlobalSection
EndGlobal
