
Microsoft Visual Studio Solution File, Format Version 12.00
# Visual Studio Version 16
VisualStudioVersion = 16.0.31019.35
MinimumVisualStudioVersion = 10.0.40219.1
Project("{FAE04EC0-301F-11D3-BF4B-00C04F79EFBC}") = "AddToMapCustomItem", "AddToMapCustomItem.csproj", "{BC1EF677-6580-43AD-ADB9-C4943B410EFD}"
EndProject
Global
	GlobalSection(SolutionConfigurationPlatforms) = preSolution
		Debug|Any CPU = Debug|Any CPU
		Release|Any CPU = Release|Any CPU
	EndGlobalSection
	GlobalSection(ProjectConfigurationPlatforms) = postSolution
		{BC1EF677-6580-43AD-ADB9-C4943B410EFD}.Debug|Any CPU.ActiveCfg = Debug|Any CPU
		{BC1EF677-6580-43AD-ADB9-C4943B410EFD}.Debug|Any CPU.Build.0 = Debug|Any CPU
		{BC1EF677-6580-43AD-ADB9-C4943B410EFD}.Release|Any CPU.ActiveCfg = Release|Any CPU
		{BC1EF677-6580-43AD-ADB9-C4943B410EFD}.Release|Any CPU.Build.0 = Release|Any CPU
	EndGlobalSection
	GlobalSection(SolutionProperties) = preSolution
		HideSolutionNode = FALSE
	EndGlobalSection
	GlobalSection(ExtensibilityGlobals) = postSolution
		SolutionGuid = {1134B816-1688-4F6A-B6E6-5AD2FE190B56}
	EndGlobalSection
EndGlobal
