
Microsoft Visual Studio Solution File, Format Version 12.00
# Visual Studio Version 17
VisualStudioVersion = 17.4.33213.308
MinimumVisualStudioVersion = 10.0.40219.1
Project("{FAE04EC0-301F-11D3-BF4B-00C04F79EFBC}") = "GetLineOfSight", "GetLineOfSight.csproj", "{6C0505A7-88DB-40E7-A911-EE72649063C8}"
EndProject
Global
	GlobalSection(SolutionConfigurationPlatforms) = preSolution
		Debug|Any CPU = Debug|Any CPU
		Release|Any CPU = Release|Any CPU
	EndGlobalSection
	GlobalSection(ProjectConfigurationPlatforms) = postSolution
		{6C0505A7-88DB-40E7-A911-EE72649063C8}.Debug|Any CPU.ActiveCfg = Debug|Any CPU
		{6C0505A7-88DB-40E7-A911-EE72649063C8}.Debug|Any CPU.Build.0 = Debug|Any CPU
		{6C0505A7-88DB-40E7-A911-EE72649063C8}.Release|Any CPU.ActiveCfg = Release|Any CPU
		{6C0505A7-88DB-40E7-A911-EE72649063C8}.Release|Any CPU.Build.0 = Release|Any CPU
	EndGlobalSection
	GlobalSection(SolutionProperties) = preSolution
		HideSolutionNode = FALSE
	EndGlobalSection
	GlobalSection(ExtensibilityGlobals) = postSolution
		SolutionGuid = {D189D1C2-C0B4-4994-8230-5E87854DC8F6}
	EndGlobalSection
EndGlobal
