
Microsoft Visual Studio Solution File, Format Version 12.00
# Visual Studio Version 17
VisualStudioVersion = 17.3.32819.101
MinimumVisualStudioVersion = 10.0.40219.1
Project("{FAE04EC0-301F-11D3-BF4B-00C04F79EFBC}") = "SubstitutionAddIn", "SubstitutionAddIn.csproj", "{7599C128-0FCA-43AC-8D6E-E643BA4C8628}"
EndProject
Global
	GlobalSection(SolutionConfigurationPlatforms) = preSolution
		Debug|Any CPU = Debug|Any CPU
		Release|Any CPU = Release|Any CPU
	EndGlobalSection
	GlobalSection(ProjectConfigurationPlatforms) = postSolution
		{7599C128-0FCA-43AC-8D6E-E643BA4C8628}.Debug|Any CPU.ActiveCfg = Debug|Any CPU
		{7599C128-0FCA-43AC-8D6E-E643BA4C8628}.Debug|Any CPU.Build.0 = Debug|Any CPU
		{7599C128-0FCA-43AC-8D6E-E643BA4C8628}.Release|Any CPU.ActiveCfg = Release|Any CPU
		{7599C128-0FCA-43AC-8D6E-E643BA4C8628}.Release|Any CPU.Build.0 = Release|Any CPU
	EndGlobalSection
	GlobalSection(SolutionProperties) = preSolution
		HideSolutionNode = FALSE
	EndGlobalSection
	GlobalSection(ExtensibilityGlobals) = postSolution
		SolutionGuid = {47DE226F-0DC3-4A8E-B3EB-6BB0C5F25D09}
	EndGlobalSection
EndGlobal
