
Microsoft Visual Studio Solution File, Format Version 12.00
# Visual Studio Version 17
VisualStudioVersion = 17.8.34511.84
MinimumVisualStudioVersion = 10.0.40219.1
Project("{FAE04EC0-301F-11D3-BF4B-00C04F79EFBC}") = "CreateLineOfSight", "CreateLineOfSight.csproj", "{EC4E2934-86CC-4D1D-97F4-3C55EEEF1A4F}"
EndProject
Global
	GlobalSection(SolutionConfigurationPlatforms) = preSolution
		Debug|Any CPU = Debug|Any CPU
		Release|Any CPU = Release|Any CPU
	EndGlobalSection
	GlobalSection(ProjectConfigurationPlatforms) = postSolution
		{EC4E2934-86CC-4D1D-97F4-3C55EEEF1A4F}.Debug|Any CPU.ActiveCfg = Debug|Any CPU
		{EC4E2934-86CC-4D1D-97F4-3C55EEEF1A4F}.Debug|Any CPU.Build.0 = Debug|Any CPU
		{EC4E2934-86CC-4D1D-97F4-3C55EEEF1A4F}.Release|Any CPU.ActiveCfg = Release|Any CPU
		{EC4E2934-86CC-4D1D-97F4-3C55EEEF1A4F}.Release|Any CPU.Build.0 = Release|Any CPU
	EndGlobalSection
	GlobalSection(SolutionProperties) = preSolution
		HideSolutionNode = FALSE
	EndGlobalSection
	GlobalSection(ExtensibilityGlobals) = postSolution
		SolutionGuid = {87D65B6A-73EE-42D4-B004-AE91AF2CC186}
	EndGlobalSection
EndGlobal
