
Microsoft Visual Studio Solution File, Format Version 12.00
# Visual Studio 15
VisualStudioVersion = 15.0.27428.2037
MinimumVisualStudioVersion = 10.0.40219.1
Project("{FAE04EC0-301F-11D3-BF4B-00C04F79EFBC}") = "ValidateFeatures", "ValidateFeatures.csproj", "{817509E1-24BD-4116-A446-77BC2CEB2D40}"
EndProject
Global
	GlobalSection(SolutionConfigurationPlatforms) = preSolution
		Debug|Any CPU = Debug|Any CPU
		Release|Any CPU = Release|Any CPU
	EndGlobalSection
	GlobalSection(ProjectConfigurationPlatforms) = postSolution
		{817509E1-24BD-4116-A446-77BC2CEB2D40}.Debug|Any CPU.ActiveCfg = Debug|Any CPU
		{817509E1-24BD-4116-A446-77BC2CEB2D40}.Debug|Any CPU.Build.0 = Debug|Any CPU
		{817509E1-24BD-4116-A446-77BC2CEB2D40}.Release|Any CPU.ActiveCfg = Release|Any CPU
		{817509E1-24BD-4116-A446-77BC2CEB2D40}.Release|Any CPU.Build.0 = Release|Any CPU
	EndGlobalSection
	GlobalSection(SolutionProperties) = preSolution
		HideSolutionNode = FALSE
	EndGlobalSection
	GlobalSection(ExtensibilityGlobals) = postSolution
		SolutionGuid = {25DC964B-7E8F-4465-8BEB-C091FC45A9A6}
	EndGlobalSection
EndGlobal
