
Microsoft Visual Studio Solution File, Format Version 12.00
# Visual Studio Version 16
VisualStudioVersion = 16.0.31205.134
MinimumVisualStudioVersion = 10.0.40219.1
Project("{FAE04EC0-301F-11D3-BF4B-00C04F79EFBC}") = "TransformCADLayer", "TransformCADLayer.csproj", "{22798403-4E86-4817-B243-87BBA77DF273}"
EndProject
Global
	GlobalSection(SolutionConfigurationPlatforms) = preSolution
		Debug|Any CPU = Debug|Any CPU
		Release|Any CPU = Release|Any CPU
	EndGlobalSection
	GlobalSection(ProjectConfigurationPlatforms) = postSolution
		{22798403-4E86-4817-B243-87BBA77DF273}.Debug|Any CPU.ActiveCfg = Release|Any CPU
		{22798403-4E86-4817-B243-87BBA77DF273}.Debug|Any CPU.Build.0 = Release|Any CPU
		{22798403-4E86-4817-B243-87BBA77DF273}.Release|Any CPU.ActiveCfg = Release|Any CPU
		{22798403-4E86-4817-B243-87BBA77DF273}.Release|Any CPU.Build.0 = Release|Any CPU
	EndGlobalSection
	GlobalSection(SolutionProperties) = preSolution
		HideSolutionNode = FALSE
	EndGlobalSection
	GlobalSection(ExtensibilityGlobals) = postSolution
		SolutionGuid = {FB9E18AA-5441-411C-A5FA-ACB945C99CBD}
	EndGlobalSection
EndGlobal
