
Microsoft Visual Studio Solution File, Format Version 12.00
# Visual Studio 15
VisualStudioVersion = 15.0.27428.2037
MinimumVisualStudioVersion = 10.0.40219.1
Project("{FAE04EC0-301F-11D3-BF4B-00C04F79EFBC}") = "CreateTransformerBank", "CreateTransformerBank.csproj", "{EE4F539D-318A-4C7F-8E94-ADBA04911C41}"
EndProject
Global
	GlobalSection(SolutionConfigurationPlatforms) = preSolution
		Debug|Any CPU = Debug|Any CPU
		Release|Any CPU = Release|Any CPU
	EndGlobalSection
	GlobalSection(ProjectConfigurationPlatforms) = postSolution
		{EE4F539D-318A-4C7F-8E94-ADBA04911C41}.Debug|Any CPU.ActiveCfg = Debug|Any CPU
		{EE4F539D-318A-4C7F-8E94-ADBA04911C41}.Debug|Any CPU.Build.0 = Debug|Any CPU
		{EE4F539D-318A-4C7F-8E94-ADBA04911C41}.Release|Any CPU.ActiveCfg = Release|Any CPU
		{EE4F539D-318A-4C7F-8E94-ADBA04911C41}.Release|Any CPU.Build.0 = Release|Any CPU
	EndGlobalSection
	GlobalSection(SolutionProperties) = preSolution
		HideSolutionNode = FALSE
	EndGlobalSection
	GlobalSection(ExtensibilityGlobals) = postSolution
		SolutionGuid = {2C5CF472-9446-4B86-A6F9-C5C3C38CA956}
	EndGlobalSection
EndGlobal
