
Microsoft Visual Studio Solution File, Format Version 12.00
# Visual Studio 2013
VisualStudioVersion = 12.0.31101.0
MinimumVisualStudioVersion = 10.0.40219.1
Project("{FAE04EC0-301F-11D3-BF4B-00C04F79EFBC}") = "ExtendTool", "ExtendTool.csproj", "{13482B7F-26C7-49AC-8E32-0A740BAEE4F6}"
EndProject
Global
	GlobalSection(SolutionConfigurationPlatforms) = preSolution
		Debug|Any CPU = Debug|Any CPU
		Release|Any CPU = Release|Any CPU
	EndGlobalSection
	GlobalSection(ProjectConfigurationPlatforms) = postSolution
		{13482B7F-26C7-49AC-8E32-0A740BAEE4F6}.Debug|Any CPU.ActiveCfg = Debug|Any CPU
		{13482B7F-26C7-49AC-8E32-0A740BAEE4F6}.Debug|Any CPU.Build.0 = Debug|Any CPU
		{13482B7F-26C7-49AC-8E32-0A740BAEE4F6}.Release|Any CPU.ActiveCfg = Release|Any CPU
		{13482B7F-26C7-49AC-8E32-0A740BAEE4F6}.Release|Any CPU.Build.0 = Release|Any CPU
	EndGlobalSection
	GlobalSection(SolutionProperties) = preSolution
		HideSolutionNode = FALSE
	EndGlobalSection
EndGlobal
