
Microsoft Visual Studio Solution File, Format Version 12.00
# Visual Studio Version 17
VisualStudioVersion = 17.6.33829.357
MinimumVisualStudioVersion = 10.0.40219.1
Project("{FAE04EC0-301F-11D3-BF4B-00C04F79EFBC}") = "CopyLayer", "CopyLayer.csproj", "{7ECC44AA-6FCF-478F-8818-B6556727F791}"
EndProject
Global
	GlobalSection(SolutionConfigurationPlatforms) = preSolution
		Debug|Any CPU = Debug|Any CPU
		Release|Any CPU = Release|Any CPU
	EndGlobalSection
	GlobalSection(ProjectConfigurationPlatforms) = postSolution
		{7ECC44AA-6FCF-478F-8818-B6556727F791}.Debug|Any CPU.ActiveCfg = Debug|Any CPU
		{7ECC44AA-6FCF-478F-8818-B6556727F791}.Debug|Any CPU.Build.0 = Debug|Any CPU
		{7ECC44AA-6FCF-478F-8818-B6556727F791}.Release|Any CPU.ActiveCfg = Release|Any CPU
		{7ECC44AA-6FCF-478F-8818-B6556727F791}.Release|Any CPU.Build.0 = Release|Any CPU
	EndGlobalSection
	GlobalSection(SolutionProperties) = preSolution
		HideSolutionNode = FALSE
	EndGlobalSection
	GlobalSection(ExtensibilityGlobals) = postSolution
		SolutionGuid = {CB2EAAB5-6C91-42E0-8482-B26E950D6F61}
	EndGlobalSection
EndGlobal
