
Microsoft Visual Studio Solution File, Format Version 12.00
# Visual Studio Version 17
VisualStudioVersion = 17.8.34330.188
MinimumVisualStudioVersion = 10.0.40219.1
Project("{FAE04EC0-301F-11D3-BF4B-00C04F79EFBC}") = "CheckSelectionLayer", "CheckSelectionLayer.csproj", "{88CED44D-F0FC-4FB8-9916-8036445EF632}"
EndProject
Global
	GlobalSection(SolutionConfigurationPlatforms) = preSolution
		Debug|Any CPU = Debug|Any CPU
		Release|Any CPU = Release|Any CPU
	EndGlobalSection
	GlobalSection(ProjectConfigurationPlatforms) = postSolution
		{88CED44D-F0FC-4FB8-9916-8036445EF632}.Debug|Any CPU.ActiveCfg = Debug|Any CPU
		{88CED44D-F0FC-4FB8-9916-8036445EF632}.Debug|Any CPU.Build.0 = Debug|Any CPU
		{88CED44D-F0FC-4FB8-9916-8036445EF632}.Release|Any CPU.ActiveCfg = Release|Any CPU
		{88CED44D-F0FC-4FB8-9916-8036445EF632}.Release|Any CPU.Build.0 = Release|Any CPU
	EndGlobalSection
	GlobalSection(SolutionProperties) = preSolution
		HideSolutionNode = FALSE
	EndGlobalSection
	GlobalSection(ExtensibilityGlobals) = postSolution
		SolutionGuid = {DC853BD4-7DEC-4B8F-9230-90468E3DA203}
	EndGlobalSection
EndGlobal
