
Microsoft Visual Studio Solution File, Format Version 12.00
# Visual Studio Version 16
VisualStudioVersion = 16.0.29926.136
MinimumVisualStudioVersion = 10.0.40219.1
Project("{FAE04EC0-301F-11D3-BF4B-00C04F79EFBC}") = "ProWindowMVVM", "ProWindowMVVM.csproj", "{B649ED1A-E2F3-4EDB-9745-9334A2E1A8C0}"
EndProject
Global
	GlobalSection(SolutionConfigurationPlatforms) = preSolution
		Debug|Any CPU = Debug|Any CPU
		Release|Any CPU = Release|Any CPU
	EndGlobalSection
	GlobalSection(ProjectConfigurationPlatforms) = postSolution
		{B649ED1A-E2F3-4EDB-9745-9334A2E1A8C0}.Debug|Any CPU.ActiveCfg = Debug|Any CPU
		{B649ED1A-E2F3-4EDB-9745-9334A2E1A8C0}.Debug|Any CPU.Build.0 = Debug|Any CPU
		{B649ED1A-E2F3-4EDB-9745-9334A2E1A8C0}.Release|Any CPU.ActiveCfg = Release|Any CPU
		{B649ED1A-E2F3-4EDB-9745-9334A2E1A8C0}.Release|Any CPU.Build.0 = Release|Any CPU
	EndGlobalSection
	GlobalSection(SolutionProperties) = preSolution
		HideSolutionNode = FALSE
	EndGlobalSection
	GlobalSection(ExtensibilityGlobals) = postSolution
		SolutionGuid = {C457716B-87C6-4D8F-B33C-935F74296153}
	EndGlobalSection
EndGlobal
