
Microsoft Visual Studio Solution File, Format Version 12.00
# Visual Studio Version 16
VisualStudioVersion = 16.0.31515.178
MinimumVisualStudioVersion = 10.0.40219.1
Project("{FAE04EC0-301F-11D3-BF4B-00C04F79EFBC}") = "MapToolIdentifyWithDockpane", "MapToolIdentifyWithDockpane.csproj", "{84BE358E-326F-4946-9B84-1AB41339EF74}"
EndProject
Global
	GlobalSection(SolutionConfigurationPlatforms) = preSolution
		Debug|Any CPU = Debug|Any CPU
		Release|Any CPU = Release|Any CPU
	EndGlobalSection
	GlobalSection(ProjectConfigurationPlatforms) = postSolution
		{84BE358E-326F-4946-9B84-1AB41339EF74}.Debug|Any CPU.ActiveCfg = Debug|Any CPU
		{84BE358E-326F-4946-9B84-1AB41339EF74}.Debug|Any CPU.Build.0 = Debug|Any CPU
		{84BE358E-326F-4946-9B84-1AB41339EF74}.Release|Any CPU.ActiveCfg = Release|Any CPU
		{84BE358E-326F-4946-9B84-1AB41339EF74}.Release|Any CPU.Build.0 = Release|Any CPU
	EndGlobalSection
	GlobalSection(SolutionProperties) = preSolution
		HideSolutionNode = FALSE
	EndGlobalSection
	GlobalSection(ExtensibilityGlobals) = postSolution
		SolutionGuid = {84CA4064-311B-46F6-98F8-2355BAD1C9FF}
	EndGlobalSection
EndGlobal
