
Microsoft Visual Studio Solution File, Format Version 12.00
# Visual Studio 14
VisualStudioVersion = 14.0.24720.0
MinimumVisualStudioVersion = 10.0.40219.1
Project("{FAE04EC0-301F-11D3-BF4B-00C04F79EFBC}") = "LayerPopups", "LayerPopups.csproj", "{DE0F7B68-519E-4E95-9736-41001956038E}"
EndProject
Global
	GlobalSection(SolutionConfigurationPlatforms) = preSolution
		Debug|Any CPU = Debug|Any CPU
		Release|Any CPU = Release|Any CPU
	EndGlobalSection
	GlobalSection(ProjectConfigurationPlatforms) = postSolution
		{DE0F7B68-519E-4E95-9736-41001956038E}.Debug|Any CPU.ActiveCfg = Debug|Any CPU
		{DE0F7B68-519E-4E95-9736-41001956038E}.Debug|Any CPU.Build.0 = Debug|Any CPU
		{DE0F7B68-519E-4E95-9736-41001956038E}.Release|Any CPU.ActiveCfg = Release|Any CPU
		{DE0F7B68-519E-4E95-9736-41001956038E}.Release|Any CPU.Build.0 = Release|Any CPU
	EndGlobalSection
	GlobalSection(SolutionProperties) = preSolution
		HideSolutionNode = FALSE
	EndGlobalSection
EndGlobal
