
Microsoft Visual Studio Solution File, Format Version 12.00
# Visual Studio 15
VisualStudioVersion = 15.0.27703.2026
MinimumVisualStudioVersion = 10.0.40219.1
Project("{FAE04EC0-301F-11D3-BF4B-00C04F79EFBC}") = "CustomCategoriesExample", "CustomCategories\CustomCategoriesExample.csproj", "{F3E48608-C97E-4B89-8BC3-1DC904695226}"
EndProject
Project("{FAE04EC0-301F-11D3-BF4B-00C04F79EFBC}") = "ExtraReport1", "ExtraReport1\ExtraReport1.csproj", "{9F44BCDF-71AC-424B-A354-68F29F977CAF}"
EndProject
Global
	GlobalSection(SolutionConfigurationPlatforms) = preSolution
		Debug|Any CPU = Debug|Any CPU
		Release|Any CPU = Release|Any CPU
	EndGlobalSection
	GlobalSection(ProjectConfigurationPlatforms) = postSolution
		{F3E48608-C97E-4B89-8BC3-1DC904695226}.Debug|Any CPU.ActiveCfg = Debug|Any CPU
		{F3E48608-C97E-4B89-8BC3-1DC904695226}.Debug|Any CPU.Build.0 = Debug|Any CPU
		{F3E48608-C97E-4B89-8BC3-1DC904695226}.Release|Any CPU.ActiveCfg = Release|Any CPU
		{F3E48608-C97E-4B89-8BC3-1DC904695226}.Release|Any CPU.Build.0 = Release|Any CPU
		{9F44BCDF-71AC-424B-A354-68F29F977CAF}.Debug|Any CPU.ActiveCfg = Debug|Any CPU
		{9F44BCDF-71AC-424B-A354-68F29F977CAF}.Debug|Any CPU.Build.0 = Debug|Any CPU
		{9F44BCDF-71AC-424B-A354-68F29F977CAF}.Release|Any CPU.ActiveCfg = Release|Any CPU
		{9F44BCDF-71AC-424B-A354-68F29F977CAF}.Release|Any CPU.Build.0 = Release|Any CPU
	EndGlobalSection
	GlobalSection(SolutionProperties) = preSolution
		HideSolutionNode = FALSE
	EndGlobalSection
	GlobalSection(ExtensibilityGlobals) = postSolution
		SolutionGuid = {EBEA76C2-A47A-444A-8BD4-65112231957D}
	EndGlobalSection
EndGlobal
