
Microsoft Visual Studio Solution File, Format Version 12.00
# Visual Studio 15
VisualStudioVersion = 15.0.27130.2027
MinimumVisualStudioVersion = 10.0.40219.1
Project("{FAE04EC0-301F-11D3-BF4B-00C04F79EFBC}") = "QAReviewTool", "QAReviewTool.csproj", "{2B61B5D5-B052-4F95-AD51-494D93FC835C}"
EndProject
Global
	GlobalSection(SolutionConfigurationPlatforms) = preSolution
		Debug|Any CPU = Debug|Any CPU
		Release|Any CPU = Release|Any CPU
	EndGlobalSection
	GlobalSection(ProjectConfigurationPlatforms) = postSolution
		{2B61B5D5-B052-4F95-AD51-494D93FC835C}.Debug|Any CPU.ActiveCfg = Debug|Any CPU
		{2B61B5D5-B052-4F95-AD51-494D93FC835C}.Debug|Any CPU.Build.0 = Debug|Any CPU
		{2B61B5D5-B052-4F95-AD51-494D93FC835C}.Release|Any CPU.ActiveCfg = Release|Any CPU
		{2B61B5D5-B052-4F95-AD51-494D93FC835C}.Release|Any CPU.Build.0 = Release|Any CPU
	EndGlobalSection
	GlobalSection(SolutionProperties) = preSolution
		HideSolutionNode = FALSE
	EndGlobalSection
	GlobalSection(ExtensibilityGlobals) = postSolution
		SolutionGuid = {99B7DE57-7D24-4B35-ACF2-2DDFBD507685}
	EndGlobalSection
EndGlobal
