
Microsoft Visual Studio Solution File, Format Version 12.00
# Visual Studio Version 16
VisualStudioVersion = 16.0.29905.134
MinimumVisualStudioVersion = 10.0.40219.1
Project("{FAE04EC0-301F-11D3-BF4B-00C04F79EFBC}") = "GraphicsLayers", "GraphicsLayers.csproj", "{616D6FD3-4704-4E7F-8AC6-7560CBA65751}"
EndProject
Global
	GlobalSection(SolutionConfigurationPlatforms) = preSolution
		Debug|Any CPU = Debug|Any CPU
		Release|Any CPU = Release|Any CPU
	EndGlobalSection
	GlobalSection(ProjectConfigurationPlatforms) = postSolution
		{616D6FD3-4704-4E7F-8AC6-7560CBA65751}.Debug|Any CPU.ActiveCfg = Debug|Any CPU
		{616D6FD3-4704-4E7F-8AC6-7560CBA65751}.Debug|Any CPU.Build.0 = Debug|Any CPU
		{616D6FD3-4704-4E7F-8AC6-7560CBA65751}.Release|Any CPU.ActiveCfg = Release|Any CPU
		{616D6FD3-4704-4E7F-8AC6-7560CBA65751}.Release|Any CPU.Build.0 = Release|Any CPU
	EndGlobalSection
	GlobalSection(SolutionProperties) = preSolution
		HideSolutionNode = FALSE
	EndGlobalSection
	GlobalSection(ExtensibilityGlobals) = postSolution
		SolutionGuid = {1421D322-3C95-4E94-A7A3-B53003D92CB5}
	EndGlobalSection
EndGlobal
