
Microsoft Visual Studio Solution File, Format Version 12.00
# Visual Studio Version 17
VisualStudioVersion = 17.6.33829.357
MinimumVisualStudioVersion = 10.0.40219.1
Project("{FAE04EC0-301F-11D3-BF4B-00C04F79EFBC}") = "TableFeatureClassOperations", "TableFeatureClassOperations.csproj", "{4CEB1AE5-30B3-46B9-AE02-A293C55EB744}"
EndProject
Global
	GlobalSection(SolutionConfigurationPlatforms) = preSolution
		Debug|Any CPU = Debug|Any CPU
		Release|Any CPU = Release|Any CPU
	EndGlobalSection
	GlobalSection(ProjectConfigurationPlatforms) = postSolution
		{4CEB1AE5-30B3-46B9-AE02-A293C55EB744}.Debug|Any CPU.ActiveCfg = Debug|Any CPU
		{4CEB1AE5-30B3-46B9-AE02-A293C55EB744}.Debug|Any CPU.Build.0 = Debug|Any CPU
		{4CEB1AE5-30B3-46B9-AE02-A293C55EB744}.Release|Any CPU.ActiveCfg = Release|Any CPU
		{4CEB1AE5-30B3-46B9-AE02-A293C55EB744}.Release|Any CPU.Build.0 = Release|Any CPU
	EndGlobalSection
	GlobalSection(SolutionProperties) = preSolution
		HideSolutionNode = FALSE
	EndGlobalSection
	GlobalSection(ExtensibilityGlobals) = postSolution
		SolutionGuid = {36980FE6-2742-4E9A-BEFA-D58243686CF5}
	EndGlobalSection
EndGlobal
