
Microsoft Visual Studio Solution File, Format Version 12.00
# Visual Studio Version 17
VisualStudioVersion = 17.6.33829.357
MinimumVisualStudioVersion = 10.0.40219.1
Project("{FAE04EC0-301F-11D3-BF4B-00C04F79EFBC}") = "LASDatasetAPISamples", "LASDatasetAPISamples.csproj", "{952A1362-6D43-47EC-8B70-000FD274139C}"
EndProject
Global
	GlobalSection(SolutionConfigurationPlatforms) = preSolution
		Debug|Any CPU = Debug|Any CPU
		Release|Any CPU = Release|Any CPU
	EndGlobalSection
	GlobalSection(ProjectConfigurationPlatforms) = postSolution
		{952A1362-6D43-47EC-8B70-000FD274139C}.Debug|Any CPU.ActiveCfg = Debug|Any CPU
		{952A1362-6D43-47EC-8B70-000FD274139C}.Debug|Any CPU.Build.0 = Debug|Any CPU
		{952A1362-6D43-47EC-8B70-000FD274139C}.Release|Any CPU.ActiveCfg = Release|Any CPU
		{952A1362-6D43-47EC-8B70-000FD274139C}.Release|Any CPU.Build.0 = Release|Any CPU
	EndGlobalSection
	GlobalSection(SolutionProperties) = preSolution
		HideSolutionNode = FALSE
	EndGlobalSection
	GlobalSection(ExtensibilityGlobals) = postSolution
		SolutionGuid = {56A0D961-9F73-4B2E-9B74-A64D0B33D381}
	EndGlobalSection
EndGlobal
