
Microsoft Visual Studio Solution File, Format Version 12.00
# Visual Studio Version 17
VisualStudioVersion = 17.3.32929.385
MinimumVisualStudioVersion = 10.0.40219.1
Project("{FAE04EC0-301F-11D3-BF4B-00C04F79EFBC}") = "ProConfigWithAnimatedSplash", "ProConfigWithAnimatedSplash.csproj", "{614E7990-B065-4890-AC44-952A6B314A0C}"
EndProject
Global
	GlobalSection(SolutionConfigurationPlatforms) = preSolution
		Debug|Any CPU = Debug|Any CPU
		Release|Any CPU = Release|Any CPU
	EndGlobalSection
	GlobalSection(ProjectConfigurationPlatforms) = postSolution
		{614E7990-B065-4890-AC44-952A6B314A0C}.Debug|Any CPU.ActiveCfg = Debug|Any CPU
		{614E7990-B065-4890-AC44-952A6B314A0C}.Debug|Any CPU.Build.0 = Debug|Any CPU
		{614E7990-B065-4890-AC44-952A6B314A0C}.Release|Any CPU.ActiveCfg = Release|Any CPU
		{614E7990-B065-4890-AC44-952A6B314A0C}.Release|Any CPU.Build.0 = Release|Any CPU
	EndGlobalSection
	GlobalSection(SolutionProperties) = preSolution
		HideSolutionNode = FALSE
	EndGlobalSection
	GlobalSection(ExtensibilityGlobals) = postSolution
		SolutionGuid = {5CE1CFCD-971A-4AD9-B4A1-AB3C83FE69B5}
	EndGlobalSection
EndGlobal
