
Microsoft Visual Studio Solution File, Format Version 12.00
# Visual Studio 15
VisualStudioVersion = 15.0.27428.2015
MinimumVisualStudioVersion = 10.0.40219.1
Project("{FAE04EC0-301F-11D3-BF4B-00C04F79EFBC}") = "EditEvents", "EditEvents.csproj", "{5294EC63-C9D8-4DD0-8BDD-51B8B9735BC3}"
EndProject
Global
	GlobalSection(SolutionConfigurationPlatforms) = preSolution
		Debug|Any CPU = Debug|Any CPU
		Release|Any CPU = Release|Any CPU
	EndGlobalSection
	GlobalSection(ProjectConfigurationPlatforms) = postSolution
		{5294EC63-C9D8-4DD0-8BDD-51B8B9735BC3}.Debug|Any CPU.ActiveCfg = Debug|Any CPU
		{5294EC63-C9D8-4DD0-8BDD-51B8B9735BC3}.Debug|Any CPU.Build.0 = Debug|Any CPU
		{5294EC63-C9D8-4DD0-8BDD-51B8B9735BC3}.Release|Any CPU.ActiveCfg = Release|Any CPU
		{5294EC63-C9D8-4DD0-8BDD-51B8B9735BC3}.Release|Any CPU.Build.0 = Release|Any CPU
	EndGlobalSection
	GlobalSection(SolutionProperties) = preSolution
		HideSolutionNode = FALSE
	EndGlobalSection
	GlobalSection(ExtensibilityGlobals) = postSolution
		SolutionGuid = {E3567192-AFCE-4B95-8E38-2DC79DC752ED}
	EndGlobalSection
EndGlobal
