
Microsoft Visual Studio Solution File, Format Version 12.00
# Visual Studio Version 16
VisualStudioVersion = 16.0.30503.244
MinimumVisualStudioVersion = 10.0.40219.1
Project("{FAE04EC0-301F-11D3-BF4B-00C04F79EFBC}") = "GraphicOverlay4Debug", "GraphicOverlay4Debug.csproj", "{A65F1FAD-8FAB-4998-A5F8-840DF0C7BE04}"
EndProject
Global
	GlobalSection(SolutionConfigurationPlatforms) = preSolution
		Debug|Any CPU = Debug|Any CPU
		Release|Any CPU = Release|Any CPU
	EndGlobalSection
	GlobalSection(ProjectConfigurationPlatforms) = postSolution
		{A65F1FAD-8FAB-4998-A5F8-840DF0C7BE04}.Debug|Any CPU.ActiveCfg = Debug|Any CPU
		{A65F1FAD-8FAB-4998-A5F8-840DF0C7BE04}.Debug|Any CPU.Build.0 = Debug|Any CPU
		{A65F1FAD-8FAB-4998-A5F8-840DF0C7BE04}.Release|Any CPU.ActiveCfg = Release|Any CPU
		{A65F1FAD-8FAB-4998-A5F8-840DF0C7BE04}.Release|Any CPU.Build.0 = Release|Any CPU
	EndGlobalSection
	GlobalSection(SolutionProperties) = preSolution
		HideSolutionNode = FALSE
	EndGlobalSection
	GlobalSection(ExtensibilityGlobals) = postSolution
		SolutionGuid = {A1817F0A-75BB-47EF-B7FB-B0F5F140D9D2}
	EndGlobalSection
EndGlobal
