
Microsoft Visual Studio Solution File, Format Version 12.00
# Visual Studio Version 17
VisualStudioVersion = 17.1.32319.34
MinimumVisualStudioVersion = 10.0.40219.1
Project("{9A19103F-16F7-4668-BE54-9A1E7A4F7556}") = "CreateDiagramWithACustomLayout", "CreateDiagramWithACustomLayout.csproj", "{0DD5D199-716F-4824-BA53-1DE484CD37D5}"
EndProject
Global
	GlobalSection(SolutionConfigurationPlatforms) = preSolution
		Debug|Any CPU = Debug|Any CPU
		Release|Any CPU = Release|Any CPU
	EndGlobalSection
	GlobalSection(ProjectConfigurationPlatforms) = postSolution
		{0DD5D199-716F-4824-BA53-1DE484CD37D5}.Debug|Any CPU.ActiveCfg = Debug|Any CPU
		{0DD5D199-716F-4824-BA53-1DE484CD37D5}.Debug|Any CPU.Build.0 = Debug|Any CPU
		{0DD5D199-716F-4824-BA53-1DE484CD37D5}.Release|Any CPU.ActiveCfg = Release|Any CPU
		{0DD5D199-716F-4824-BA53-1DE484CD37D5}.Release|Any CPU.Build.0 = Release|Any CPU
	EndGlobalSection
	GlobalSection(SolutionProperties) = preSolution
		HideSolutionNode = FALSE
	EndGlobalSection
	GlobalSection(ExtensibilityGlobals) = postSolution
		SolutionGuid = {2A158055-84E5-4BBA-98C2-9ED85686116D}
	EndGlobalSection
EndGlobal
