
Microsoft Visual Studio Solution File, Format Version 12.00
# Visual Studio Version 17
VisualStudioVersion = 17.5.33516.290
MinimumVisualStudioVersion = 10.0.40219.1
Project("{FAE04EC0-301F-11D3-BF4B-00C04F79EFBC}") = "ContextualRibbonTab", "ContextualRibbonTab.csproj", "{294A4677-F995-49DD-A735-7CF2225DC705}"
EndProject
Global
	GlobalSection(SolutionConfigurationPlatforms) = preSolution
		Debug|Any CPU = Debug|Any CPU
		Release|Any CPU = Release|Any CPU
	EndGlobalSection
	GlobalSection(ProjectConfigurationPlatforms) = postSolution
		{294A4677-F995-49DD-A735-7CF2225DC705}.Debug|Any CPU.ActiveCfg = Debug|Any CPU
		{294A4677-F995-49DD-A735-7CF2225DC705}.Debug|Any CPU.Build.0 = Debug|Any CPU
		{294A4677-F995-49DD-A735-7CF2225DC705}.Release|Any CPU.ActiveCfg = Release|Any CPU
		{294A4677-F995-49DD-A735-7CF2225DC705}.Release|Any CPU.Build.0 = Release|Any CPU
	EndGlobalSection
	GlobalSection(SolutionProperties) = preSolution
		HideSolutionNode = FALSE
	EndGlobalSection
	GlobalSection(ExtensibilityGlobals) = postSolution
		SolutionGuid = {55B8AE36-585F-43DC-BD40-816C817DBEF0}
	EndGlobalSection
EndGlobal
