
Microsoft Visual Studio Solution File, Format Version 12.00
# Visual Studio Version 17
VisualStudioVersion = 17.0.31903.59
MinimumVisualStudioVersion = 10.0.40219.1
Project("{FAE04EC0-301F-11D3-BF4B-00C04F79EFBC}") = "ExecuteSnap", "ExecuteSnap.csproj", "{646E5C92-2984-4FAF-B7FF-CF43CE87C2A0}"
EndProject
Global
	GlobalSection(SolutionConfigurationPlatforms) = preSolution
		Debug|Any CPU = Debug|Any CPU
		Release|Any CPU = Release|Any CPU
	EndGlobalSection
	GlobalSection(ProjectConfigurationPlatforms) = postSolution
		{646E5C92-2984-4FAF-B7FF-CF43CE87C2A0}.Debug|Any CPU.ActiveCfg = Debug|Any CPU
		{646E5C92-2984-4FAF-B7FF-CF43CE87C2A0}.Debug|Any CPU.Build.0 = Debug|Any CPU
		{646E5C92-2984-4FAF-B7FF-CF43CE87C2A0}.Release|Any CPU.ActiveCfg = Release|Any CPU
		{646E5C92-2984-4FAF-B7FF-CF43CE87C2A0}.Release|Any CPU.Build.0 = Release|Any CPU
	EndGlobalSection
	GlobalSection(SolutionProperties) = preSolution
		HideSolutionNode = FALSE
	EndGlobalSection
	GlobalSection(ExtensibilityGlobals) = postSolution
		SolutionGuid = {CD6F7E5A-0C0F-43D1-B6E1-4BA82DC90068}
	EndGlobalSection
EndGlobal
