
Microsoft Visual Studio Solution File, Format Version 12.00
# Visual Studio 15
VisualStudioVersion = 15.0.27130.2027
MinimumVisualStudioVersion = 10.0.40219.1
Project("{FAE04EC0-301F-11D3-BF4B-00C04F79EFBC}") = "ProIcons", "ProIcons.csproj", "{6DA0B756-6B7D-451F-8AFF-1ABD718C9665}"
EndProject
Global
	GlobalSection(SolutionConfigurationPlatforms) = preSolution
		Debug|Any CPU = Debug|Any CPU
		Release|Any CPU = Release|Any CPU
	EndGlobalSection
	GlobalSection(ProjectConfigurationPlatforms) = postSolution
		{6DA0B756-6B7D-451F-8AFF-1ABD718C9665}.Debug|Any CPU.ActiveCfg = Debug|Any CPU
		{6DA0B756-6B7D-451F-8AFF-1ABD718C9665}.Debug|Any CPU.Build.0 = Debug|Any CPU
		{6DA0B756-6B7D-451F-8AFF-1ABD718C9665}.Release|Any CPU.ActiveCfg = Release|Any CPU
		{6DA0B756-6B7D-451F-8AFF-1ABD718C9665}.Release|Any CPU.Build.0 = Release|Any CPU
	EndGlobalSection
	GlobalSection(SolutionProperties) = preSolution
		HideSolutionNode = FALSE
	EndGlobalSection
	GlobalSection(ExtensibilityGlobals) = postSolution
		SolutionGuid = {E5098C80-8C75-4AD5-A3EC-64C30034DB2A}
	EndGlobalSection
EndGlobal
