
Microsoft Visual Studio Solution File, Format Version 12.00
# Visual Studio Version 17
VisualStudioVersion = 17.8.34408.163
MinimumVisualStudioVersion = 10.0.40219.1
Project("{9A19103F-16F7-4668-BE54-9A1E7A4F7556}") = "ControllerPath", "ControllerPath.csproj", "{65CBA424-C1A3-4E0C-BC01-5E12FFE867FF}"
EndProject
Global
	GlobalSection(SolutionConfigurationPlatforms) = preSolution
		Debug|Any CPU = Debug|Any CPU
		Release|Any CPU = Release|Any CPU
	EndGlobalSection
	GlobalSection(ProjectConfigurationPlatforms) = postSolution
		{65CBA424-C1A3-4E0C-BC01-5E12FFE867FF}.Debug|Any CPU.ActiveCfg = Debug|Any CPU
		{65CBA424-C1A3-4E0C-BC01-5E12FFE867FF}.Debug|Any CPU.Build.0 = Debug|Any CPU
		{65CBA424-C1A3-4E0C-BC01-5E12FFE867FF}.Release|Any CPU.ActiveCfg = Release|Any CPU
		{65CBA424-C1A3-4E0C-BC01-5E12FFE867FF}.Release|Any CPU.Build.0 = Release|Any CPU
	EndGlobalSection
	GlobalSection(SolutionProperties) = preSolution
		HideSolutionNode = FALSE
	EndGlobalSection
	GlobalSection(ExtensibilityGlobals) = postSolution
		SolutionGuid = {5570B0DB-9393-44D9-9350-39FA7DBCE66A}
	EndGlobalSection
EndGlobal
