
Microsoft Visual Studio Solution File, Format Version 12.00
# Visual Studio Version 17
VisualStudioVersion = 17.10.35122.118
MinimumVisualStudioVersion = 10.0.40219.1
Project("{FAE04EC0-301F-11D3-BF4B-00C04F79EFBC}") = "VersionUpdatePerformance", "VersionUpdatePerformance.csproj", "{2536507A-CF3E-4CAE-B0FB-25FC406F55EC}"
EndProject
Global
	GlobalSection(SolutionConfigurationPlatforms) = preSolution
		Debug|Any CPU = Debug|Any CPU
		Release|Any CPU = Release|Any CPU
	EndGlobalSection
	GlobalSection(ProjectConfigurationPlatforms) = postSolution
		{2536507A-CF3E-4CAE-B0FB-25FC406F55EC}.Debug|Any CPU.ActiveCfg = Debug|Any CPU
		{2536507A-CF3E-4CAE-B0FB-25FC406F55EC}.Debug|Any CPU.Build.0 = Debug|Any CPU
		{2536507A-CF3E-4CAE-B0FB-25FC406F55EC}.Release|Any CPU.ActiveCfg = Release|Any CPU
		{2536507A-CF3E-4CAE-B0FB-25FC406F55EC}.Release|Any CPU.Build.0 = Release|Any CPU
	EndGlobalSection
	GlobalSection(SolutionProperties) = preSolution
		HideSolutionNode = FALSE
	EndGlobalSection
	GlobalSection(ExtensibilityGlobals) = postSolution
		SolutionGuid = {585D1522-0CE7-4737-B9E1-B40D70D7FE56}
	EndGlobalSection
EndGlobal
