
Microsoft Visual Studio Solution File, Format Version 12.00
# Visual Studio Version 16
VisualStudioVersion = 16.0.29509.3
MinimumVisualStudioVersion = 10.0.40219.1
Project("{FAE04EC0-301F-11D3-BF4B-00C04F79EFBC}") = "ChromiumWebBrowserSample", "ChromiumWebBrowserSample.csproj", "{2EA8EECF-B31D-4D2E-B8F8-360E5FDBFAFE}"
EndProject
Global
	GlobalSection(SolutionConfigurationPlatforms) = preSolution
		Debug|Any CPU = Debug|Any CPU
		Debug|x64 = Debug|x64
		Release|Any CPU = Release|Any CPU
		Release|x64 = Release|x64
	EndGlobalSection
	GlobalSection(ProjectConfigurationPlatforms) = postSolution
		{2EA8EECF-B31D-4D2E-B8F8-360E5FDBFAFE}.Debug|Any CPU.ActiveCfg = Debug|Any CPU
		{2EA8EECF-B31D-4D2E-B8F8-360E5FDBFAFE}.Debug|Any CPU.Build.0 = Debug|Any CPU
		{2EA8EECF-B31D-4D2E-B8F8-360E5FDBFAFE}.Debug|x64.ActiveCfg = Debug|x64
		{2EA8EECF-B31D-4D2E-B8F8-360E5FDBFAFE}.Debug|x64.Build.0 = Debug|x64
		{2EA8EECF-B31D-4D2E-B8F8-360E5FDBFAFE}.Release|Any CPU.ActiveCfg = Release|Any CPU
		{2EA8EECF-B31D-4D2E-B8F8-360E5FDBFAFE}.Release|Any CPU.Build.0 = Release|Any CPU
		{2EA8EECF-B31D-4D2E-B8F8-360E5FDBFAFE}.Release|x64.ActiveCfg = Release|x64
		{2EA8EECF-B31D-4D2E-B8F8-360E5FDBFAFE}.Release|x64.Build.0 = Release|x64
	EndGlobalSection
	GlobalSection(SolutionProperties) = preSolution
		HideSolutionNode = FALSE
	EndGlobalSection
	GlobalSection(ExtensibilityGlobals) = postSolution
		SolutionGuid = {06251822-2541-4C9E-A4A9-081B11EF2567}
	EndGlobalSection
EndGlobal
