Microsoft Visual Studio Solution File, Format Version 12.00
# Visual Studio Version 16
VisualStudioVersion = 16.0.31911.196
MinimumVisualStudioVersion = 10.0.40219.1
Project("{9A19103F-16F7-4668-BE54-9A1E7A4F7556}") = "DeleteFeaturesBasedOnSubtypeVersioned", "DeleteFeaturesBasedOnSubtypeVersioned.csproj", "{DEB9DD29-7A64-4434-B111-A5B5FDCD2736}"
EndProject
Project("{2150E333-8FDC-42A3-9474-1A3956D46DE8}") = "Solution Items", "Solution Items", "{9444CF7B-5E10-4368-A22F-3C4DF3C210B6}"
	ProjectSection(SolutionItems) = preProject
		.editorconfig = .editorconfig
	EndProjectSection
EndProject
Global
	GlobalSection(SolutionConfigurationPlatforms) = preSolution
		Debug|Any CPU = Debug|Any CPU
		Debug|x64 = Debug|x64
		Release|Any CPU = Release|Any CPU
		Release|x64 = Release|x64
	EndGlobalSection
	GlobalSection(ProjectConfigurationPlatforms) = postSolution
		{DEB9DD29-7A64-4434-B111-A5B5FDCD2736}.Debug|Any CPU.ActiveCfg = Debug|x64
		{DEB9DD29-7A64-4434-B111-A5B5FDCD2736}.Debug|Any CPU.Build.0 = Debug|x64
		{DEB9DD29-7A64-4434-B111-A5B5FDCD2736}.Debug|x64.ActiveCfg = Debug|x64
		{DEB9DD29-7A64-4434-B111-A5B5FDCD2736}.Debug|x64.Build.0 = Debug|x64
		{DEB9DD29-7A64-4434-B111-A5B5FDCD2736}.Release|Any CPU.ActiveCfg = Release|Any CPU
		{DEB9DD29-7A64-4434-B111-A5B5FDCD2736}.Release|Any CPU.Build.0 = Release|Any CPU
		{DEB9DD29-7A64-4434-B111-A5B5FDCD2736}.Release|x64.ActiveCfg = Release|x64
		{DEB9DD29-7A64-4434-B111-A5B5FDCD2736}.Release|x64.Build.0 = Release|x64
	EndGlobalSection
	GlobalSection(SolutionProperties) = preSolution
		HideSolutionNode = FALSE
	EndGlobalSection
	GlobalSection(ExtensibilityGlobals) = postSolution
		SolutionGuid = {2F262680-6BDB-48D0-889D-5E30DCDD5862}
	EndGlobalSection
EndGlobal
