
Microsoft Visual Studio Solution File, Format Version 12.00
# Visual Studio Version 17
VisualStudioVersion = 17.10.35122.118
MinimumVisualStudioVersion = 10.0.40219.1
Project("{FAE04EC0-301F-11D3-BF4B-00C04F79EFBC}") = "AsyncGeoProcessing", "AsyncGeoProcessing.csproj", "{3A9453CF-545B-4749-8821-423FFD49DCB9}"
EndProject
Global
	GlobalSection(SolutionConfigurationPlatforms) = preSolution
		Debug|Any CPU = Debug|Any CPU
		Release|Any CPU = Release|Any CPU
	EndGlobalSection
	GlobalSection(ProjectConfigurationPlatforms) = postSolution
		{3A9453CF-545B-4749-8821-423FFD49DCB9}.Debug|Any CPU.ActiveCfg = Debug|Any CPU
		{3A9453CF-545B-4749-8821-423FFD49DCB9}.Debug|Any CPU.Build.0 = Debug|Any CPU
		{3A9453CF-545B-4749-8821-423FFD49DCB9}.Release|Any CPU.ActiveCfg = Release|Any CPU
		{3A9453CF-545B-4749-8821-423FFD49DCB9}.Release|Any CPU.Build.0 = Release|Any CPU
	EndGlobalSection
	GlobalSection(SolutionProperties) = preSolution
		HideSolutionNode = FALSE
	EndGlobalSection
	GlobalSection(ExtensibilityGlobals) = postSolution
		SolutionGuid = {33E944C5-AEFA-4CF6-82CA-85D8B7C2BD7E}
	EndGlobalSection
EndGlobal
