
Microsoft Visual Studio Solution File, Format Version 12.00
# Visual Studio Version 17
VisualStudioVersion = 17.3.32819.101
MinimumVisualStudioVersion = 10.0.40219.1
Project("{FAE04EC0-301F-11D3-BF4B-00C04F79EFBC}") = "ConfigurationPathsAddIn", "ConfigurationPathsAddIn.csproj", "{FF3C90CE-2738-4BE9-8CC4-37A350DA1E69}"
EndProject
Global
	GlobalSection(SolutionConfigurationPlatforms) = preSolution
		Debug|Any CPU = Debug|Any CPU
		Release|Any CPU = Release|Any CPU
	EndGlobalSection
	GlobalSection(ProjectConfigurationPlatforms) = postSolution
		{FF3C90CE-2738-4BE9-8CC4-37A350DA1E69}.Debug|Any CPU.ActiveCfg = Debug|Any CPU
		{FF3C90CE-2738-4BE9-8CC4-37A350DA1E69}.Debug|Any CPU.Build.0 = Debug|Any CPU
		{FF3C90CE-2738-4BE9-8CC4-37A350DA1E69}.Release|Any CPU.ActiveCfg = Release|Any CPU
		{FF3C90CE-2738-4BE9-8CC4-37A350DA1E69}.Release|Any CPU.Build.0 = Release|Any CPU
	EndGlobalSection
	GlobalSection(SolutionProperties) = preSolution
		HideSolutionNode = FALSE
	EndGlobalSection
	GlobalSection(ExtensibilityGlobals) = postSolution
		SolutionGuid = {F92A5E91-E3F1-4321-8505-3C0BE96F18C5}
	EndGlobalSection
EndGlobal
