
Microsoft Visual Studio Solution File, Format Version 12.00
# Visual Studio Version 17
VisualStudioVersion = 17.5.33516.290
MinimumVisualStudioVersion = 10.0.40219.1
Project("{FAE04EC0-301F-11D3-BF4B-00C04F79EFBC}") = "ComboBoxSelectFeature", "ComboBoxSelectFeature.csproj", "{E675B175-5174-41D0-850C-5966B755C8C8}"
EndProject
Global
	GlobalSection(SolutionConfigurationPlatforms) = preSolution
		Debug|Any CPU = Debug|Any CPU
		Release|Any CPU = Release|Any CPU
	EndGlobalSection
	GlobalSection(ProjectConfigurationPlatforms) = postSolution
		{E675B175-5174-41D0-850C-5966B755C8C8}.Debug|Any CPU.ActiveCfg = Debug|Any CPU
		{E675B175-5174-41D0-850C-5966B755C8C8}.Debug|Any CPU.Build.0 = Debug|Any CPU
		{E675B175-5174-41D0-850C-5966B755C8C8}.Release|Any CPU.ActiveCfg = Release|Any CPU
		{E675B175-5174-41D0-850C-5966B755C8C8}.Release|Any CPU.Build.0 = Release|Any CPU
	EndGlobalSection
	GlobalSection(SolutionProperties) = preSolution
		HideSolutionNode = FALSE
	EndGlobalSection
	GlobalSection(ExtensibilityGlobals) = postSolution
		SolutionGuid = {A1E9368F-B4A9-4F6A-AF13-FA79DEF92966}
	EndGlobalSection
EndGlobal
