
Microsoft Visual Studio Solution File, Format Version 12.00
# Visual Studio Version 16
VisualStudioVersion = 16.0.31410.357
MinimumVisualStudioVersion = 10.0.40219.1
Project("{FAE04EC0-301F-11D3-BF4B-00C04F79EFBC}") = "DDLCreateFeatureClass", "DDLCreateFeatureClass.csproj", "{B6E1E8E1-0B90-4918-911C-71682E2395F8}"
EndProject
Global
	GlobalSection(SolutionConfigurationPlatforms) = preSolution
		Debug|Any CPU = Debug|Any CPU
		Release|Any CPU = Release|Any CPU
	EndGlobalSection
	GlobalSection(ProjectConfigurationPlatforms) = postSolution
		{B6E1E8E1-0B90-4918-911C-71682E2395F8}.Debug|Any CPU.ActiveCfg = Debug|Any CPU
		{B6E1E8E1-0B90-4918-911C-71682E2395F8}.Debug|Any CPU.Build.0 = Debug|Any CPU
		{B6E1E8E1-0B90-4918-911C-71682E2395F8}.Release|Any CPU.ActiveCfg = Release|Any CPU
		{B6E1E8E1-0B90-4918-911C-71682E2395F8}.Release|Any CPU.Build.0 = Release|Any CPU
	EndGlobalSection
	GlobalSection(SolutionProperties) = preSolution
		HideSolutionNode = FALSE
	EndGlobalSection
	GlobalSection(ExtensibilityGlobals) = postSolution
		SolutionGuid = {01E7CEF4-08C7-4C9E-A55D-CB1190C9F853}
	EndGlobalSection
EndGlobal
