
Microsoft Visual Studio Solution File, Format Version 12.00
# Visual Studio Version 16
VisualStudioVersion = 16.0.28922.388
MinimumVisualStudioVersion = 10.0.40219.1
Project("{FAE04EC0-301F-11D3-BF4B-00C04F79EFBC}") = "WorkingWithQueryDefinitionFilters", "WorkingWithQueryDefinitionFilters.csproj", "{B58617F6-BBF0-4E86-B8E3-19284ABE09F3}"
EndProject
Global
	GlobalSection(SolutionConfigurationPlatforms) = preSolution
		Debug|Any CPU = Debug|Any CPU
		Release|Any CPU = Release|Any CPU
	EndGlobalSection
	GlobalSection(ProjectConfigurationPlatforms) = postSolution
		{B58617F6-BBF0-4E86-B8E3-19284ABE09F3}.Debug|Any CPU.ActiveCfg = Debug|Any CPU
		{B58617F6-BBF0-4E86-B8E3-19284ABE09F3}.Debug|Any CPU.Build.0 = Debug|Any CPU
		{B58617F6-BBF0-4E86-B8E3-19284ABE09F3}.Release|Any CPU.ActiveCfg = Release|Any CPU
		{B58617F6-BBF0-4E86-B8E3-19284ABE09F3}.Release|Any CPU.Build.0 = Release|Any CPU
	EndGlobalSection
	GlobalSection(SolutionProperties) = preSolution
		HideSolutionNode = FALSE
	EndGlobalSection
	GlobalSection(ExtensibilityGlobals) = postSolution
		SolutionGuid = {CD2F0CE2-616F-43F0-BEEF-1D557949D801}
	EndGlobalSection
EndGlobal
