
Microsoft Visual Studio Solution File, Format Version 12.00
# Visual Studio Version 16
VisualStudioVersion = 16.0.30503.244
MinimumVisualStudioVersion = 10.0.40219.1
Project("{FAE04EC0-301F-11D3-BF4B-00C04F79EFBC}") = "DeviceTracker", "DeviceTracker.csproj", "{86F40727-4E33-44D6-80CB-FD22D1A00EB6}"
EndProject
Global
	GlobalSection(SolutionConfigurationPlatforms) = preSolution
		Debug|Any CPU = Debug|Any CPU
		Release|Any CPU = Release|Any CPU
	EndGlobalSection
	GlobalSection(ProjectConfigurationPlatforms) = postSolution
		{86F40727-4E33-44D6-80CB-FD22D1A00EB6}.Debug|Any CPU.ActiveCfg = Debug|Any CPU
		{86F40727-4E33-44D6-80CB-FD22D1A00EB6}.Debug|Any CPU.Build.0 = Debug|Any CPU
		{86F40727-4E33-44D6-80CB-FD22D1A00EB6}.Release|Any CPU.ActiveCfg = Release|Any CPU
		{86F40727-4E33-44D6-80CB-FD22D1A00EB6}.Release|Any CPU.Build.0 = Release|Any CPU
	EndGlobalSection
	GlobalSection(SolutionProperties) = preSolution
		HideSolutionNode = FALSE
	EndGlobalSection
	GlobalSection(ExtensibilityGlobals) = postSolution
		SolutionGuid = {D4FB0D7A-EFCD-4F16-A3A4-C54102C96A7F}
	EndGlobalSection
EndGlobal
