
Microsoft Visual Studio Solution File, Format Version 12.00
# Visual Studio 2013
VisualStudioVersion = 12.0.31101.0
MinimumVisualStudioVersion = 10.0.40219.1
Project("{FAE04EC0-301F-11D3-BF4B-00C04F79EFBC}") = "UploadItem", "UploadItem.csproj", "{0EEF603F-5920-4433-A160-8BA7C359B6FE}"
EndProject
Global
	GlobalSection(SolutionConfigurationPlatforms) = preSolution
		Debug|Any CPU = Debug|Any CPU
		Release|Any CPU = Release|Any CPU
	EndGlobalSection
	GlobalSection(ProjectConfigurationPlatforms) = postSolution
		{0EEF603F-5920-4433-A160-8BA7C359B6FE}.Debug|Any CPU.ActiveCfg = Debug|Any CPU
		{0EEF603F-5920-4433-A160-8BA7C359B6FE}.Debug|Any CPU.Build.0 = Debug|Any CPU
		{0EEF603F-5920-4433-A160-8BA7C359B6FE}.Release|Any CPU.ActiveCfg = Release|Any CPU
		{0EEF603F-5920-4433-A160-8BA7C359B6FE}.Release|Any CPU.Build.0 = Release|Any CPU
	EndGlobalSection
	GlobalSection(SolutionProperties) = preSolution
		HideSolutionNode = FALSE
	EndGlobalSection
EndGlobal
