
Microsoft Visual Studio Solution File, Format Version 12.00
# Visual Studio Version 17
VisualStudioVersion = 17.5.33530.505
MinimumVisualStudioVersion = 10.0.40219.1
Project("{9A19103F-16F7-4668-BE54-9A1E7A4F7556}") = "KeyboardShortcuts", "KeyboardShortcuts.csproj", "{8A539A91-7BA0-4AA1-BB02-82B87EB7631C}"
EndProject
Global
	GlobalSection(SolutionConfigurationPlatforms) = preSolution
		Debug|Any CPU = Debug|Any CPU
		Release|Any CPU = Release|Any CPU
	EndGlobalSection
	GlobalSection(ProjectConfigurationPlatforms) = postSolution
		{8A539A91-7BA0-4AA1-BB02-82B87EB7631C}.Debug|Any CPU.ActiveCfg = Debug|Any CPU
		{8A539A91-7BA0-4AA1-BB02-82B87EB7631C}.Debug|Any CPU.Build.0 = Debug|Any CPU
		{8A539A91-7BA0-4AA1-BB02-82B87EB7631C}.Release|Any CPU.ActiveCfg = Release|Any CPU
		{8A539A91-7BA0-4AA1-BB02-82B87EB7631C}.Release|Any CPU.Build.0 = Release|Any CPU
	EndGlobalSection
	GlobalSection(SolutionProperties) = preSolution
		HideSolutionNode = FALSE
	EndGlobalSection
	GlobalSection(ExtensibilityGlobals) = postSolution
		SolutionGuid = {5F1B06F5-6439-4FD0-AED0-8248359A7E95}
	EndGlobalSection
EndGlobal
