
Microsoft Visual Studio Solution File, Format Version 12.00
# Visual Studio Version 17
VisualStudioVersion = 17.5.33530.505
MinimumVisualStudioVersion = 10.0.40219.1
Project("{FAE04EC0-301F-11D3-BF4B-00C04F79EFBC}") = "KeyboardShortcuts", "KeyboardShortcuts.csproj", "{EAF4FC8D-80C6-4DC9-881F-BA87E2C5FA3B}"
EndProject
Global
	GlobalSection(SolutionConfigurationPlatforms) = preSolution
		Debug|Any CPU = Debug|Any CPU
		Release|Any CPU = Release|Any CPU
	EndGlobalSection
	GlobalSection(ProjectConfigurationPlatforms) = postSolution
		{EAF4FC8D-80C6-4DC9-881F-BA87E2C5FA3B}.Debug|Any CPU.ActiveCfg = Debug|Any CPU
		{EAF4FC8D-80C6-4DC9-881F-BA87E2C5FA3B}.Debug|Any CPU.Build.0 = Debug|Any CPU
		{EAF4FC8D-80C6-4DC9-881F-BA87E2C5FA3B}.Release|Any CPU.ActiveCfg = Release|Any CPU
		{EAF4FC8D-80C6-4DC9-881F-BA87E2C5FA3B}.Release|Any CPU.Build.0 = Release|Any CPU
	EndGlobalSection
	GlobalSection(SolutionProperties) = preSolution
		HideSolutionNode = FALSE
	EndGlobalSection
	GlobalSection(ExtensibilityGlobals) = postSolution
		SolutionGuid = {4E8ACD36-3A31-4D37-998F-FF65C35FA919}
	EndGlobalSection
EndGlobal
