
Microsoft Visual Studio Solution File, Format Version 12.00
# Visual Studio Version 16
VisualStudioVersion = 16.0.30503.244
MinimumVisualStudioVersion = 10.0.40219.1
Project("{FAE04EC0-301F-11D3-BF4B-00C04F79EFBC}") = "ContextMenu", "ContextMenu.csproj", "{CEAD178F-0E9D-4DE3-875E-92DFC1A11104}"
EndProject
Global
	GlobalSection(SolutionConfigurationPlatforms) = preSolution
		Debug|Any CPU = Debug|Any CPU
		Release|Any CPU = Release|Any CPU
	EndGlobalSection
	GlobalSection(ProjectConfigurationPlatforms) = postSolution
		{CEAD178F-0E9D-4DE3-875E-92DFC1A11104}.Debug|Any CPU.ActiveCfg = Debug|Any CPU
		{CEAD178F-0E9D-4DE3-875E-92DFC1A11104}.Debug|Any CPU.Build.0 = Debug|Any CPU
		{CEAD178F-0E9D-4DE3-875E-92DFC1A11104}.Release|Any CPU.ActiveCfg = Release|Any CPU
		{CEAD178F-0E9D-4DE3-875E-92DFC1A11104}.Release|Any CPU.Build.0 = Release|Any CPU
	EndGlobalSection
	GlobalSection(SolutionProperties) = preSolution
		HideSolutionNode = FALSE
	EndGlobalSection
	GlobalSection(ExtensibilityGlobals) = postSolution
		SolutionGuid = {80D3B20A-ADF1-4F55-AD34-87134A36D2E5}
	EndGlobalSection
EndGlobal
