
Microsoft Visual Studio Solution File, Format Version 12.00
# Visual Studio Version 17
VisualStudioVersion = 17.2.32516.85
MinimumVisualStudioVersion = 10.0.40219.1
Project("{FAE04EC0-301F-11D3-BF4B-00C04F79EFBC}") = "TrayButtons", "TrayButtons.csproj", "{5F2FC71F-F842-458E-9C6D-33090347E8FB}"
EndProject
Global
	GlobalSection(SolutionConfigurationPlatforms) = preSolution
		Debug|Any CPU = Debug|Any CPU
		Release|Any CPU = Release|Any CPU
	EndGlobalSection
	GlobalSection(ProjectConfigurationPlatforms) = postSolution
		{5F2FC71F-F842-458E-9C6D-33090347E8FB}.Debug|Any CPU.ActiveCfg = Debug|Any CPU
		{5F2FC71F-F842-458E-9C6D-33090347E8FB}.Debug|Any CPU.Build.0 = Debug|Any CPU
		{5F2FC71F-F842-458E-9C6D-33090347E8FB}.Release|Any CPU.ActiveCfg = Release|Any CPU
		{5F2FC71F-F842-458E-9C6D-33090347E8FB}.Release|Any CPU.Build.0 = Release|Any CPU
	EndGlobalSection
	GlobalSection(SolutionProperties) = preSolution
		HideSolutionNode = FALSE
	EndGlobalSection
	GlobalSection(ExtensibilityGlobals) = postSolution
		SolutionGuid = {5F45B66C-45CA-4712-BBE3-A60F815FF78D}
	EndGlobalSection
EndGlobal
