
Microsoft Visual Studio Solution File, Format Version 12.00
# Visual Studio Version 16
VisualStudioVersion = 16.0.29215.179
MinimumVisualStudioVersion = 10.0.40219.1
Project("{FAE04EC0-301F-11D3-BF4B-00C04F79EFBC}") = "GridScaleCADLayer", "GridScaleCADLayer.csproj", "{29BD9101-9156-46EC-A56C-7D603520D89F}"
EndProject
Global
	GlobalSection(SolutionConfigurationPlatforms) = preSolution
		Debug|Any CPU = Debug|Any CPU
		Release|Any CPU = Release|Any CPU
	EndGlobalSection
	GlobalSection(ProjectConfigurationPlatforms) = postSolution
		{29BD9101-9156-46EC-A56C-7D603520D89F}.Debug|Any CPU.ActiveCfg = Debug|Any CPU
		{29BD9101-9156-46EC-A56C-7D603520D89F}.Debug|Any CPU.Build.0 = Debug|Any CPU
		{29BD9101-9156-46EC-A56C-7D603520D89F}.Release|Any CPU.ActiveCfg = Release|Any CPU
		{29BD9101-9156-46EC-A56C-7D603520D89F}.Release|Any CPU.Build.0 = Release|Any CPU
	EndGlobalSection
	GlobalSection(SolutionProperties) = preSolution
		HideSolutionNode = FALSE
	EndGlobalSection
	GlobalSection(ExtensibilityGlobals) = postSolution
		SolutionGuid = {0FD87424-2208-413D-B033-D6900BD4C9AA}
	EndGlobalSection
EndGlobal
