
Microsoft Visual Studio Solution File, Format Version 12.00
# Visual Studio 15
VisualStudioVersion = 15.0.28010.2019
MinimumVisualStudioVersion = 10.0.40219.1
Project("{FAE04EC0-301F-11D3-BF4B-00C04F79EFBC}") = "DuplicateLayout", "DuplicateLayout.csproj", "{869B01D6-91BC-4E66-91EE-C52899D36289}"
EndProject
Global
	GlobalSection(SolutionConfigurationPlatforms) = preSolution
		Debug|Any CPU = Debug|Any CPU
		Release|Any CPU = Release|Any CPU
	EndGlobalSection
	GlobalSection(ProjectConfigurationPlatforms) = postSolution
		{869B01D6-91BC-4E66-91EE-C52899D36289}.Debug|Any CPU.ActiveCfg = Debug|Any CPU
		{869B01D6-91BC-4E66-91EE-C52899D36289}.Debug|Any CPU.Build.0 = Debug|Any CPU
		{869B01D6-91BC-4E66-91EE-C52899D36289}.Release|Any CPU.ActiveCfg = Release|Any CPU
		{869B01D6-91BC-4E66-91EE-C52899D36289}.Release|Any CPU.Build.0 = Release|Any CPU
	EndGlobalSection
	GlobalSection(SolutionProperties) = preSolution
		HideSolutionNode = FALSE
	EndGlobalSection
	GlobalSection(ExtensibilityGlobals) = postSolution
		SolutionGuid = {4420FA36-485D-47CE-B987-85E4A8253802}
	EndGlobalSection
EndGlobal
