
Microsoft Visual Studio Solution File, Format Version 12.00
# Visual Studio Version 16
VisualStudioVersion = 16.0.30717.126
MinimumVisualStudioVersion = 10.0.40219.1
Project("{FAE04EC0-301F-11D3-BF4B-00C04F79EFBC}") = "CreateDiagramWithACustomLayout", "CreateDiagramWithACustomLayout.csproj", "{8A91315C-717E-4EF4-9271-83BB461EBA0B}"
EndProject
Global
	GlobalSection(SolutionConfigurationPlatforms) = preSolution
		Debug|x64 = Debug|x64
		Release|x64 = Release|x64
	EndGlobalSection
	GlobalSection(ProjectConfigurationPlatforms) = postSolution
		{8A91315C-717E-4EF4-9271-83BB461EBA0B}.Debug|x64.ActiveCfg = Debug|x64
		{8A91315C-717E-4EF4-9271-83BB461EBA0B}.Debug|x64.Build.0 = Debug|x64
		{8A91315C-717E-4EF4-9271-83BB461EBA0B}.Release|x64.ActiveCfg = Release|x64
		{8A91315C-717E-4EF4-9271-83BB461EBA0B}.Release|x64.Build.0 = Release|x64
	EndGlobalSection
	GlobalSection(SolutionProperties) = preSolution
		HideSolutionNode = FALSE
	EndGlobalSection
	GlobalSection(ExtensibilityGlobals) = postSolution
		SolutionGuid = {E8E38A2D-0DFD-4C98-BEBA-892B915396F4}
	EndGlobalSection
EndGlobal
