
Microsoft Visual Studio Solution File, Format Version 12.00
# Visual Studio Version 17
VisualStudioVersion = 17.13.35828.75 d17.13
MinimumVisualStudioVersion = 10.0.40219.1
Project("{FAE04EC0-301F-11D3-BF4B-00C04F79EFBC}") = "DockpaneWithInputValidation", "DockpaneWithInputValidation.csproj", "{0F65840C-0CAC-44CC-A92F-A4C4C6825692}"
EndProject
Global
	GlobalSection(SolutionConfigurationPlatforms) = preSolution
		Debug|Any CPU = Debug|Any CPU
		Release|Any CPU = Release|Any CPU
	EndGlobalSection
	GlobalSection(ProjectConfigurationPlatforms) = postSolution
		{0F65840C-0CAC-44CC-A92F-A4C4C6825692}.Debug|Any CPU.ActiveCfg = Debug|Any CPU
		{0F65840C-0CAC-44CC-A92F-A4C4C6825692}.Debug|Any CPU.Build.0 = Debug|Any CPU
		{0F65840C-0CAC-44CC-A92F-A4C4C6825692}.Release|Any CPU.ActiveCfg = Release|Any CPU
		{0F65840C-0CAC-44CC-A92F-A4C4C6825692}.Release|Any CPU.Build.0 = Release|Any CPU
	EndGlobalSection
	GlobalSection(SolutionProperties) = preSolution
		HideSolutionNode = FALSE
	EndGlobalSection
	GlobalSection(ExtensibilityGlobals) = postSolution
		SolutionGuid = {42CE528B-4536-465E-8CE0-FDAD780BF61C}
	EndGlobalSection
EndGlobal
