
Microsoft Visual Studio Solution File, Format Version 12.00
# Visual Studio 15
VisualStudioVersion = 15.0.27428.2002
MinimumVisualStudioVersion = 10.0.40219.1
Project("{FAE04EC0-301F-11D3-BF4B-00C04F79EFBC}") = "ModifyProUIWithDAML", "ModifyProUIWithDAML.csproj", "{CD50C9B8-2E13-41D4-B41F-234497E96D01}"
EndProject
Global
	GlobalSection(SolutionConfigurationPlatforms) = preSolution
		Debug|Any CPU = Debug|Any CPU
		Release|Any CPU = Release|Any CPU
	EndGlobalSection
	GlobalSection(ProjectConfigurationPlatforms) = postSolution
		{CD50C9B8-2E13-41D4-B41F-234497E96D01}.Debug|Any CPU.ActiveCfg = Debug|Any CPU
		{CD50C9B8-2E13-41D4-B41F-234497E96D01}.Debug|Any CPU.Build.0 = Debug|Any CPU
		{CD50C9B8-2E13-41D4-B41F-234497E96D01}.Release|Any CPU.ActiveCfg = Release|Any CPU
		{CD50C9B8-2E13-41D4-B41F-234497E96D01}.Release|Any CPU.Build.0 = Release|Any CPU
	EndGlobalSection
	GlobalSection(SolutionProperties) = preSolution
		HideSolutionNode = FALSE
	EndGlobalSection
	GlobalSection(ExtensibilityGlobals) = postSolution
		SolutionGuid = {C6BBFA9B-E8EC-4737-9D39-2D9A5249ED06}
	EndGlobalSection
EndGlobal
