
Microsoft Visual Studio Solution File, Format Version 12.00
# Visual Studio Version 16
VisualStudioVersion = 16.0.29905.134
MinimumVisualStudioVersion = 10.0.40219.1
Project("{FAE04EC0-301F-11D3-BF4B-00C04F79EFBC}") = "DisplayFilters", "DisplayFilters.csproj", "{219BA09D-CA22-4BA9-B8BF-AE490499A656}"
EndProject
Global
	GlobalSection(SolutionConfigurationPlatforms) = preSolution
		Debug|Any CPU = Debug|Any CPU
		Release|Any CPU = Release|Any CPU
	EndGlobalSection
	GlobalSection(ProjectConfigurationPlatforms) = postSolution
		{219BA09D-CA22-4BA9-B8BF-AE490499A656}.Debug|Any CPU.ActiveCfg = Debug|Any CPU
		{219BA09D-CA22-4BA9-B8BF-AE490499A656}.Debug|Any CPU.Build.0 = Debug|Any CPU
		{219BA09D-CA22-4BA9-B8BF-AE490499A656}.Release|Any CPU.ActiveCfg = Release|Any CPU
		{219BA09D-CA22-4BA9-B8BF-AE490499A656}.Release|Any CPU.Build.0 = Release|Any CPU
	EndGlobalSection
	GlobalSection(SolutionProperties) = preSolution
		HideSolutionNode = FALSE
	EndGlobalSection
	GlobalSection(ExtensibilityGlobals) = postSolution
		SolutionGuid = {29C47899-850A-44E1-B036-2BB04608B02F}
	EndGlobalSection
EndGlobal
