
Microsoft Visual Studio Solution File, Format Version 12.00
# Visual Studio 2013
VisualStudioVersion = 12.0.21005.1
MinimumVisualStudioVersion = 10.0.40219.1
Project("{FAE04EC0-301F-11D3-BF4B-00C04F79EFBC}") = "MappingSampleAddIns", "MappingSampleAddIns.csproj", "{B031F2FF-6F63-46DB-BBDC-2E08FABE8CFE}"
EndProject
Global
	GlobalSection(SolutionConfigurationPlatforms) = preSolution
		Debug|Any CPU = Debug|Any CPU
		Release|Any CPU = Release|Any CPU
	EndGlobalSection
	GlobalSection(ProjectConfigurationPlatforms) = postSolution
		{B031F2FF-6F63-46DB-BBDC-2E08FABE8CFE}.Debug|Any CPU.ActiveCfg = Debug|Any CPU
		{B031F2FF-6F63-46DB-BBDC-2E08FABE8CFE}.Debug|Any CPU.Build.0 = Debug|Any CPU
		{B031F2FF-6F63-46DB-BBDC-2E08FABE8CFE}.Release|Any CPU.ActiveCfg = Release|Any CPU
		{B031F2FF-6F63-46DB-BBDC-2E08FABE8CFE}.Release|Any CPU.Build.0 = Release|Any CPU
	EndGlobalSection
	GlobalSection(SolutionProperties) = preSolution
		HideSolutionNode = FALSE
	EndGlobalSection
EndGlobal
