
Microsoft Visual Studio Solution File, Format Version 12.00
# Visual Studio Version 16
VisualStudioVersion = 16.0.30717.126
MinimumVisualStudioVersion = 10.0.40219.1
Project("{FAE04EC0-301F-11D3-BF4B-00C04F79EFBC}") = "CustomizeNetworkDiagramLayoutExecution", "CustomizeNetworkDiagramLayoutExecution.csproj", "{77C97CB6-9D2A-477D-9F99-18380EB2CF7E}"
EndProject
Global
	GlobalSection(SolutionConfigurationPlatforms) = preSolution
		Debug|x64 = Debug|x64
		Release|x64 = Release|x64
	EndGlobalSection
	GlobalSection(ProjectConfigurationPlatforms) = postSolution
		{77C97CB6-9D2A-477D-9F99-18380EB2CF7E}.Debug|x64.ActiveCfg = Debug|x64
		{77C97CB6-9D2A-477D-9F99-18380EB2CF7E}.Debug|x64.Build.0 = Debug|x64
		{77C97CB6-9D2A-477D-9F99-18380EB2CF7E}.Release|x64.ActiveCfg = Release|x64
		{77C97CB6-9D2A-477D-9F99-18380EB2CF7E}.Release|x64.Build.0 = Release|x64
	EndGlobalSection
	GlobalSection(SolutionProperties) = preSolution
		HideSolutionNode = FALSE
	EndGlobalSection
	GlobalSection(ExtensibilityGlobals) = postSolution
		SolutionGuid = {7CECE078-778D-43D7-A8D9-87C2F8C94D02}
	EndGlobalSection
EndGlobal
