
Microsoft Visual Studio Solution File, Format Version 12.00
# Visual Studio Version 17
VisualStudioVersion = 17.1.32319.34
MinimumVisualStudioVersion = 10.0.40219.1
Project("{9A19103F-16F7-4668-BE54-9A1E7A4F7556}") = "CustomizeNetworkDiagramLayoutExecution", "CustomizeNetworkDiagramLayoutExecution.csproj", "{A42FC7DC-3B21-4A57-BC47-84283BFBF7D4}"
EndProject
Global
	GlobalSection(SolutionConfigurationPlatforms) = preSolution
		Debug|Any CPU = Debug|Any CPU
		Release|Any CPU = Release|Any CPU
	EndGlobalSection
	GlobalSection(ProjectConfigurationPlatforms) = postSolution
		{A42FC7DC-3B21-4A57-BC47-84283BFBF7D4}.Debug|Any CPU.ActiveCfg = Debug|Any CPU
		{A42FC7DC-3B21-4A57-BC47-84283BFBF7D4}.Debug|Any CPU.Build.0 = Debug|Any CPU
		{A42FC7DC-3B21-4A57-BC47-84283BFBF7D4}.Release|Any CPU.ActiveCfg = Release|Any CPU
		{A42FC7DC-3B21-4A57-BC47-84283BFBF7D4}.Release|Any CPU.Build.0 = Release|Any CPU
	EndGlobalSection
	GlobalSection(SolutionProperties) = preSolution
		HideSolutionNode = FALSE
	EndGlobalSection
	GlobalSection(ExtensibilityGlobals) = postSolution
		SolutionGuid = {5CAADE59-A5C3-45EE-95FB-D3BE615A3A4D}
	EndGlobalSection
EndGlobal
