
Microsoft Visual Studio Solution File, Format Version 12.00
# Visual Studio Version 17
VisualStudioVersion = 17.8.34309.116
MinimumVisualStudioVersion = 10.0.40219.1
Project("{FAE04EC0-301F-11D3-BF4B-00C04F79EFBC}") = "CountAggregatedNetworkElements", "CountAggregatedNetworkElements.csproj", "{1333F9BC-421B-4C10-B4C5-F280597ED3C6}"
EndProject
Global
	GlobalSection(SolutionConfigurationPlatforms) = preSolution
		Debug|Any CPU = Debug|Any CPU
		Release|Any CPU = Release|Any CPU
	EndGlobalSection
	GlobalSection(ProjectConfigurationPlatforms) = postSolution
		{1333F9BC-421B-4C10-B4C5-F280597ED3C6}.Debug|Any CPU.ActiveCfg = Debug|Any CPU
		{1333F9BC-421B-4C10-B4C5-F280597ED3C6}.Debug|Any CPU.Build.0 = Debug|Any CPU
		{1333F9BC-421B-4C10-B4C5-F280597ED3C6}.Release|Any CPU.ActiveCfg = Release|Any CPU
		{1333F9BC-421B-4C10-B4C5-F280597ED3C6}.Release|Any CPU.Build.0 = Release|Any CPU
	EndGlobalSection
	GlobalSection(SolutionProperties) = preSolution
		HideSolutionNode = FALSE
	EndGlobalSection
	GlobalSection(ExtensibilityGlobals) = postSolution
		SolutionGuid = {F194E83C-2CFD-4E77-A834-CBCF7C964B2B}
	EndGlobalSection
EndGlobal
