
Microsoft Visual Studio Solution File, Format Version 12.00
# Visual Studio Version 17
VisualStudioVersion = 17.5.33516.290
MinimumVisualStudioVersion = 10.0.40219.1
Project("{9A19103F-16F7-4668-BE54-9A1E7A4F7556}") = "TableViewerTest", "TableViewerTest.csproj", "{B4B7C563-7487-414B-A1C5-B23DCB72C348}"
EndProject
Global
	GlobalSection(SolutionConfigurationPlatforms) = preSolution
		Debug|Any CPU = Debug|Any CPU
		Release|Any CPU = Release|Any CPU
	EndGlobalSection
	GlobalSection(ProjectConfigurationPlatforms) = postSolution
		{B4B7C563-7487-414B-A1C5-B23DCB72C348}.Debug|Any CPU.ActiveCfg = Debug|Any CPU
		{B4B7C563-7487-414B-A1C5-B23DCB72C348}.Debug|Any CPU.Build.0 = Debug|Any CPU
		{B4B7C563-7487-414B-A1C5-B23DCB72C348}.Release|Any CPU.ActiveCfg = Release|Any CPU
		{B4B7C563-7487-414B-A1C5-B23DCB72C348}.Release|Any CPU.Build.0 = Release|Any CPU
	EndGlobalSection
	GlobalSection(SolutionProperties) = preSolution
		HideSolutionNode = FALSE
	EndGlobalSection
	GlobalSection(ExtensibilityGlobals) = postSolution
		SolutionGuid = {AF78D724-9F98-45FD-8AFE-E3007203E9F9}
	EndGlobalSection
EndGlobal
