
Microsoft Visual Studio Solution File, Format Version 12.00
# Visual Studio Version 16
VisualStudioVersion = 16.0.28803.352
MinimumVisualStudioVersion = 10.0.40219.1
Project("{FAE04EC0-301F-11D3-BF4B-00C04F79EFBC}") = "SymbolLookup", "SymbolLookup.csproj", "{8A76CDC2-C4E1-4C72-ADE1-5542A7DB7573}"
EndProject
Global
	GlobalSection(SolutionConfigurationPlatforms) = preSolution
		Debug|Any CPU = Debug|Any CPU
		Release|Any CPU = Release|Any CPU
	EndGlobalSection
	GlobalSection(ProjectConfigurationPlatforms) = postSolution
		{8A76CDC2-C4E1-4C72-ADE1-5542A7DB7573}.Debug|Any CPU.ActiveCfg = Debug|Any CPU
		{8A76CDC2-C4E1-4C72-ADE1-5542A7DB7573}.Debug|Any CPU.Build.0 = Debug|Any CPU
		{8A76CDC2-C4E1-4C72-ADE1-5542A7DB7573}.Release|Any CPU.ActiveCfg = Release|Any CPU
		{8A76CDC2-C4E1-4C72-ADE1-5542A7DB7573}.Release|Any CPU.Build.0 = Release|Any CPU
	EndGlobalSection
	GlobalSection(SolutionProperties) = preSolution
		HideSolutionNode = FALSE
	EndGlobalSection
	GlobalSection(ExtensibilityGlobals) = postSolution
		SolutionGuid = {A01079DA-DD48-4A02-A3E7-886011AF86CE}
	EndGlobalSection
EndGlobal
