
Microsoft Visual Studio Solution File, Format Version 12.00
# Visual Studio Version 16
VisualStudioVersion = 16.0.28922.388
MinimumVisualStudioVersion = 10.0.40219.1
Project("{FAE04EC0-301F-11D3-BF4B-00C04F79EFBC}") = "DockpaneWithHelp", "DockpaneWithHelp.csproj", "{5C6658A4-2F0E-4C29-9EC0-E94E7B872B1E}"
EndProject
Global
	GlobalSection(SolutionConfigurationPlatforms) = preSolution
		Debug|Any CPU = Debug|Any CPU
		Release|Any CPU = Release|Any CPU
	EndGlobalSection
	GlobalSection(ProjectConfigurationPlatforms) = postSolution
		{5C6658A4-2F0E-4C29-9EC0-E94E7B872B1E}.Debug|Any CPU.ActiveCfg = Debug|Any CPU
		{5C6658A4-2F0E-4C29-9EC0-E94E7B872B1E}.Debug|Any CPU.Build.0 = Debug|Any CPU
		{5C6658A4-2F0E-4C29-9EC0-E94E7B872B1E}.Release|Any CPU.ActiveCfg = Release|Any CPU
		{5C6658A4-2F0E-4C29-9EC0-E94E7B872B1E}.Release|Any CPU.Build.0 = Release|Any CPU
	EndGlobalSection
	GlobalSection(SolutionProperties) = preSolution
		HideSolutionNode = FALSE
	EndGlobalSection
	GlobalSection(ExtensibilityGlobals) = postSolution
		SolutionGuid = {97FD5BED-8B07-4C6F-8F1B-FE534C2DD3A3}
	EndGlobalSection
EndGlobal
