
Microsoft Visual Studio Solution File, Format Version 12.00
# Visual Studio 15
VisualStudioVersion = 15.0.27703.1
MinimumVisualStudioVersion = 10.0.40219.1
Project("{FAE04EC0-301F-11D3-BF4B-00C04F79EFBC}") = "AddInInfoManager", "AddInInfoManager.csproj", "{F4F41585-AE63-4833-BA96-BCD0252B14BE}"
EndProject
Global
	GlobalSection(SolutionConfigurationPlatforms) = preSolution
		Debug|Any CPU = Debug|Any CPU
		Release|Any CPU = Release|Any CPU
	EndGlobalSection
	GlobalSection(ProjectConfigurationPlatforms) = postSolution
		{F4F41585-AE63-4833-BA96-BCD0252B14BE}.Debug|Any CPU.ActiveCfg = Debug|Any CPU
		{F4F41585-AE63-4833-BA96-BCD0252B14BE}.Debug|Any CPU.Build.0 = Debug|Any CPU
		{F4F41585-AE63-4833-BA96-BCD0252B14BE}.Release|Any CPU.ActiveCfg = Release|Any CPU
		{F4F41585-AE63-4833-BA96-BCD0252B14BE}.Release|Any CPU.Build.0 = Release|Any CPU
	EndGlobalSection
	GlobalSection(SolutionProperties) = preSolution
		HideSolutionNode = FALSE
	EndGlobalSection
	GlobalSection(ExtensibilityGlobals) = postSolution
		SolutionGuid = {9FD449BE-CE9D-4A2E-8380-29FEAB1972D9}
	EndGlobalSection
EndGlobal
