
Microsoft Visual Studio Solution File, Format Version 12.00
# Visual Studio 15
VisualStudioVersion = 15.0.28307.168
MinimumVisualStudioVersion = 10.0.40219.1
Project("{FAE04EC0-301F-11D3-BF4B-00C04F79EFBC}") = "Overlay3D", "Overlay3D.csproj", "{154A43FC-B1A1-46DC-BEDB-E4F4DA4FFFB3}"
EndProject
Global
	GlobalSection(SolutionConfigurationPlatforms) = preSolution
		Debug|Any CPU = Debug|Any CPU
		Release|Any CPU = Release|Any CPU
	EndGlobalSection
	GlobalSection(ProjectConfigurationPlatforms) = postSolution
		{154A43FC-B1A1-46DC-BEDB-E4F4DA4FFFB3}.Debug|Any CPU.ActiveCfg = Debug|Any CPU
		{154A43FC-B1A1-46DC-BEDB-E4F4DA4FFFB3}.Debug|Any CPU.Build.0 = Debug|Any CPU
		{154A43FC-B1A1-46DC-BEDB-E4F4DA4FFFB3}.Release|Any CPU.ActiveCfg = Release|Any CPU
		{154A43FC-B1A1-46DC-BEDB-E4F4DA4FFFB3}.Release|Any CPU.Build.0 = Release|Any CPU
	EndGlobalSection
	GlobalSection(SolutionProperties) = preSolution
		HideSolutionNode = FALSE
	EndGlobalSection
	GlobalSection(ExtensibilityGlobals) = postSolution
		SolutionGuid = {271049DE-F02F-4220-84E5-E331F5E7D9A4}
	EndGlobalSection
EndGlobal
