
Microsoft Visual Studio Solution File, Format Version 12.00
# Visual Studio Version 17
VisualStudioVersion = 17.5.33530.505
MinimumVisualStudioVersion = 10.0.40219.1
Project("{FAE04EC0-301F-11D3-BF4B-00C04F79EFBC}") = "ProWindowModal", "ProWindowModal.csproj", "{1DCA90D4-4C1D-4B9D-89E0-DEEBE902CDA8}"
EndProject
Global
	GlobalSection(SolutionConfigurationPlatforms) = preSolution
		Debug|Any CPU = Debug|Any CPU
		Release|Any CPU = Release|Any CPU
	EndGlobalSection
	GlobalSection(ProjectConfigurationPlatforms) = postSolution
		{1DCA90D4-4C1D-4B9D-89E0-DEEBE902CDA8}.Debug|Any CPU.ActiveCfg = Debug|Any CPU
		{1DCA90D4-4C1D-4B9D-89E0-DEEBE902CDA8}.Debug|Any CPU.Build.0 = Debug|Any CPU
		{1DCA90D4-4C1D-4B9D-89E0-DEEBE902CDA8}.Release|Any CPU.ActiveCfg = Release|Any CPU
		{1DCA90D4-4C1D-4B9D-89E0-DEEBE902CDA8}.Release|Any CPU.Build.0 = Release|Any CPU
	EndGlobalSection
	GlobalSection(SolutionProperties) = preSolution
		HideSolutionNode = FALSE
	EndGlobalSection
	GlobalSection(ExtensibilityGlobals) = postSolution
		SolutionGuid = {9D469691-1408-46C7-9C18-AB8A96F6DDB8}
	EndGlobalSection
EndGlobal
