
Microsoft Visual Studio Solution File, Format Version 12.00
# Visual Studio Version 17
VisualStudioVersion = 17.13.35931.197 d17.13
MinimumVisualStudioVersion = 10.0.40219.1
Project("{FAE04EC0-301F-11D3-BF4B-00C04F79EFBC}") = "InteractWithWPF", "InteractWithWPF.csproj", "{4649A6AE-9D1B-4A2D-991C-D729A304E4CB}"
EndProject
Global
	GlobalSection(SolutionConfigurationPlatforms) = preSolution
		Debug|Any CPU = Debug|Any CPU
		Release|Any CPU = Release|Any CPU
	EndGlobalSection
	GlobalSection(ProjectConfigurationPlatforms) = postSolution
		{4649A6AE-9D1B-4A2D-991C-D729A304E4CB}.Debug|Any CPU.ActiveCfg = Debug|Any CPU
		{4649A6AE-9D1B-4A2D-991C-D729A304E4CB}.Debug|Any CPU.Build.0 = Debug|Any CPU
		{4649A6AE-9D1B-4A2D-991C-D729A304E4CB}.Release|Any CPU.ActiveCfg = Release|Any CPU
		{4649A6AE-9D1B-4A2D-991C-D729A304E4CB}.Release|Any CPU.Build.0 = Release|Any CPU
	EndGlobalSection
	GlobalSection(SolutionProperties) = preSolution
		HideSolutionNode = FALSE
	EndGlobalSection
	GlobalSection(ExtensibilityGlobals) = postSolution
		SolutionGuid = {DCF91128-EDD8-4AE7-8B3A-9AE777D87A54}
	EndGlobalSection
EndGlobal
