
Microsoft Visual Studio Solution File, Format Version 12.00
# Visual Studio Version 17
VisualStudioVersion = 17.4.33213.308
MinimumVisualStudioVersion = 10.0.40219.1
Project("{FAE04EC0-301F-11D3-BF4B-00C04F79EFBC}") = "StyleElements", "StyleElements.csproj", "{9E410923-F988-48E7-AFA7-8C01ED5E0A6D}"
EndProject
Global
	GlobalSection(SolutionConfigurationPlatforms) = preSolution
		Debug|Any CPU = Debug|Any CPU
		Release|Any CPU = Release|Any CPU
	EndGlobalSection
	GlobalSection(ProjectConfigurationPlatforms) = postSolution
		{9E410923-F988-48E7-AFA7-8C01ED5E0A6D}.Debug|Any CPU.ActiveCfg = Debug|Any CPU
		{9E410923-F988-48E7-AFA7-8C01ED5E0A6D}.Debug|Any CPU.Build.0 = Debug|Any CPU
		{9E410923-F988-48E7-AFA7-8C01ED5E0A6D}.Release|Any CPU.ActiveCfg = Release|Any CPU
		{9E410923-F988-48E7-AFA7-8C01ED5E0A6D}.Release|Any CPU.Build.0 = Release|Any CPU
	EndGlobalSection
	GlobalSection(SolutionProperties) = preSolution
		HideSolutionNode = FALSE
	EndGlobalSection
	GlobalSection(ExtensibilityGlobals) = postSolution
		SolutionGuid = {9A412289-BEE7-446F-81D4-23219A9B9FD0}
	EndGlobalSection
EndGlobal
