
Microsoft Visual Studio Solution File, Format Version 12.00
# Visual Studio Version 17
VisualStudioVersion = 17.1.32414.318
MinimumVisualStudioVersion = 10.0.40219.1
Project("{9A19103F-16F7-4668-BE54-9A1E7A4F7556}") = "FeatureDynamicMenu", "FeatureDynamicMenu.csproj", "{DEB9DD29-7A64-4434-B111-A5B5FDCD2722}"
EndProject
Global
	GlobalSection(SolutionConfigurationPlatforms) = preSolution
		Debug|Any CPU = Debug|Any CPU
		Release|Any CPU = Release|Any CPU
	EndGlobalSection
	GlobalSection(ProjectConfigurationPlatforms) = postSolution
		{DEB9DD29-7A64-4434-B111-A5B5FDCD2722}.Debug|Any CPU.ActiveCfg = Debug|Any CPU
		{DEB9DD29-7A64-4434-B111-A5B5FDCD2722}.Debug|Any CPU.Build.0 = Debug|Any CPU
		{DEB9DD29-7A64-4434-B111-A5B5FDCD2722}.Release|Any CPU.ActiveCfg = Release|Any CPU
		{DEB9DD29-7A64-4434-B111-A5B5FDCD2722}.Release|Any CPU.Build.0 = Release|Any CPU
	EndGlobalSection
	GlobalSection(SolutionProperties) = preSolution
		HideSolutionNode = FALSE
	EndGlobalSection
	GlobalSection(ExtensibilityGlobals) = postSolution
		SolutionGuid = {B1EA54A3-922A-42C0-BFC2-2938D5939334}
	EndGlobalSection
EndGlobal
