
Microsoft Visual Studio Solution File, Format Version 12.00
# Visual Studio Version 17
VisualStudioVersion = 17.1.32421.90
MinimumVisualStudioVersion = 10.0.40219.1
Project("{9A19103F-16F7-4668-BE54-9A1E7A4F7556}") = "MapUnits", "MapUnits.csproj", "{B0627844-16FB-407B-94A5-B331E7FB3FB1}"
EndProject
Global
	GlobalSection(SolutionConfigurationPlatforms) = preSolution
		Debug|Any CPU = Debug|Any CPU
		Release|Any CPU = Release|Any CPU
	EndGlobalSection
	GlobalSection(ProjectConfigurationPlatforms) = postSolution
		{B0627844-16FB-407B-94A5-B331E7FB3FB1}.Debug|Any CPU.ActiveCfg = Debug|Any CPU
		{B0627844-16FB-407B-94A5-B331E7FB3FB1}.Debug|Any CPU.Build.0 = Debug|Any CPU
		{B0627844-16FB-407B-94A5-B331E7FB3FB1}.Release|Any CPU.ActiveCfg = Release|Any CPU
		{B0627844-16FB-407B-94A5-B331E7FB3FB1}.Release|Any CPU.Build.0 = Release|Any CPU
	EndGlobalSection
	GlobalSection(SolutionProperties) = preSolution
		HideSolutionNode = FALSE
	EndGlobalSection
	GlobalSection(ExtensibilityGlobals) = postSolution
		SolutionGuid = {4E4D6716-E6DA-46C9-981B-1587DB099169}
	EndGlobalSection
EndGlobal
