
Microsoft Visual Studio Solution File, Format Version 12.00
# Visual Studio Version 17
VisualStudioVersion = 17.8.34408.163
MinimumVisualStudioVersion = 10.0.40219.1
Project("{FAE04EC0-301F-11D3-BF4B-00C04F79EFBC}") = "DDLCreateDeleteDimensionFeatureClass", "DDLCreateDeleteDimensionFeatureClass.csproj", "{C6F385A8-B304-42C2-8AA3-4D03D6331D60}"
EndProject
Global
	GlobalSection(SolutionConfigurationPlatforms) = preSolution
		Debug|Any CPU = Debug|Any CPU
		Release|Any CPU = Release|Any CPU
	EndGlobalSection
	GlobalSection(ProjectConfigurationPlatforms) = postSolution
		{C6F385A8-B304-42C2-8AA3-4D03D6331D60}.Debug|Any CPU.ActiveCfg = Debug|Any CPU
		{C6F385A8-B304-42C2-8AA3-4D03D6331D60}.Debug|Any CPU.Build.0 = Debug|Any CPU
		{C6F385A8-B304-42C2-8AA3-4D03D6331D60}.Release|Any CPU.ActiveCfg = Release|Any CPU
		{C6F385A8-B304-42C2-8AA3-4D03D6331D60}.Release|Any CPU.Build.0 = Release|Any CPU
	EndGlobalSection
	GlobalSection(SolutionProperties) = preSolution
		HideSolutionNode = FALSE
	EndGlobalSection
	GlobalSection(ExtensibilityGlobals) = postSolution
		SolutionGuid = {192CC10E-EA7A-42FA-B70B-A2828AD76329}
	EndGlobalSection
EndGlobal
