
Microsoft Visual Studio Solution File, Format Version 12.00
# Visual Studio 14
VisualStudioVersion = 14.0.25123.0
MinimumVisualStudioVersion = 10.0.40219.1
Project("{FAE04EC0-301F-11D3-BF4B-00C04F79EFBC}") = "ConstructMarkerFromFont", "ConstructMarkerFromFont.csproj", "{FD270356-F2DA-4C4C-9B4D-39819EE019D6}"
EndProject
Global
	GlobalSection(SolutionConfigurationPlatforms) = preSolution
		Debug|Any CPU = Debug|Any CPU
		Release|Any CPU = Release|Any CPU
	EndGlobalSection
	GlobalSection(ProjectConfigurationPlatforms) = postSolution
		{FD270356-F2DA-4C4C-9B4D-39819EE019D6}.Debug|Any CPU.ActiveCfg = Debug|Any CPU
		{FD270356-F2DA-4C4C-9B4D-39819EE019D6}.Debug|Any CPU.Build.0 = Debug|Any CPU
		{FD270356-F2DA-4C4C-9B4D-39819EE019D6}.Release|Any CPU.ActiveCfg = Release|Any CPU
		{FD270356-F2DA-4C4C-9B4D-39819EE019D6}.Release|Any CPU.Build.0 = Release|Any CPU
	EndGlobalSection
	GlobalSection(SolutionProperties) = preSolution
		HideSolutionNode = FALSE
	EndGlobalSection
EndGlobal
