
Microsoft Visual Studio Solution File, Format Version 12.00
# Visual Studio Version 16
VisualStudioVersion = 16.0.29905.134
MinimumVisualStudioVersion = 10.0.40219.1
Project("{FAE04EC0-301F-11D3-BF4B-00C04F79EFBC}") = "SymbolControls", "SymbolControls.csproj", "{228553D5-9B04-4B35-8FDF-C10852820D29}"
EndProject
Global
	GlobalSection(SolutionConfigurationPlatforms) = preSolution
		Debug|Any CPU = Debug|Any CPU
		Release|Any CPU = Release|Any CPU
	EndGlobalSection
	GlobalSection(ProjectConfigurationPlatforms) = postSolution
		{228553D5-9B04-4B35-8FDF-C10852820D29}.Debug|Any CPU.ActiveCfg = Debug|Any CPU
		{228553D5-9B04-4B35-8FDF-C10852820D29}.Debug|Any CPU.Build.0 = Debug|Any CPU
		{228553D5-9B04-4B35-8FDF-C10852820D29}.Release|Any CPU.ActiveCfg = Release|Any CPU
		{228553D5-9B04-4B35-8FDF-C10852820D29}.Release|Any CPU.Build.0 = Release|Any CPU
	EndGlobalSection
	GlobalSection(SolutionProperties) = preSolution
		HideSolutionNode = FALSE
	EndGlobalSection
	GlobalSection(ExtensibilityGlobals) = postSolution
		SolutionGuid = {73F37855-F0E3-4C6E-8914-D963E3592E06}
	EndGlobalSection
EndGlobal
