
Microsoft Visual Studio Solution File, Format Version 12.00
# Visual Studio Version 17
VisualStudioVersion = 17.13.35919.96 d17.13
MinimumVisualStudioVersion = 10.0.40219.1
Project("{FAE04EC0-301F-11D3-BF4B-00C04F79EFBC}") = "PresentationsAddin", "PresentationsAddin.csproj", "{597364E9-CF06-4019-B4EE-E8DAF16E6DC9}"
EndProject
Global
	GlobalSection(SolutionConfigurationPlatforms) = preSolution
		Debug|Any CPU = Debug|Any CPU
		Release|Any CPU = Release|Any CPU
	EndGlobalSection
	GlobalSection(ProjectConfigurationPlatforms) = postSolution
		{597364E9-CF06-4019-B4EE-E8DAF16E6DC9}.Debug|Any CPU.ActiveCfg = Debug|Any CPU
		{597364E9-CF06-4019-B4EE-E8DAF16E6DC9}.Debug|Any CPU.Build.0 = Debug|Any CPU
		{597364E9-CF06-4019-B4EE-E8DAF16E6DC9}.Release|Any CPU.ActiveCfg = Release|Any CPU
		{597364E9-CF06-4019-B4EE-E8DAF16E6DC9}.Release|Any CPU.Build.0 = Release|Any CPU
	EndGlobalSection
	GlobalSection(SolutionProperties) = preSolution
		HideSolutionNode = FALSE
	EndGlobalSection
	GlobalSection(ExtensibilityGlobals) = postSolution
		SolutionGuid = {A93979BD-F8B3-4348-A9F2-851C36E1EEDC}
	EndGlobalSection
EndGlobal
