
Microsoft Visual Studio Solution File, Format Version 12.00
# Visual Studio Version 16
VisualStudioVersion = 16.0.31911.196
MinimumVisualStudioVersion = 10.0.40219.1
Project("{FAE04EC0-301F-11D3-BF4B-00C04F79EFBC}") = "CustomUserControl", "CustomUserControl.csproj", "{22574D19-C0A2-4FF4-8CFA-B50FF5A5A8D1}"
EndProject
Global
	GlobalSection(SolutionConfigurationPlatforms) = preSolution
		Debug|Any CPU = Debug|Any CPU
		Release|Any CPU = Release|Any CPU
	EndGlobalSection
	GlobalSection(ProjectConfigurationPlatforms) = postSolution
		{22574D19-C0A2-4FF4-8CFA-B50FF5A5A8D1}.Debug|Any CPU.ActiveCfg = Debug|Any CPU
		{22574D19-C0A2-4FF4-8CFA-B50FF5A5A8D1}.Debug|Any CPU.Build.0 = Debug|Any CPU
		{22574D19-C0A2-4FF4-8CFA-B50FF5A5A8D1}.Release|Any CPU.ActiveCfg = Release|Any CPU
		{22574D19-C0A2-4FF4-8CFA-B50FF5A5A8D1}.Release|Any CPU.Build.0 = Release|Any CPU
	EndGlobalSection
	GlobalSection(SolutionProperties) = preSolution
		HideSolutionNode = FALSE
	EndGlobalSection
	GlobalSection(ExtensibilityGlobals) = postSolution
		SolutionGuid = {5E00C5E6-CB6E-4994-B646-A92F4109A673}
	EndGlobalSection
EndGlobal
