
Microsoft Visual Studio Solution File, Format Version 12.00
# Visual Studio 15
VisualStudioVersion = 15.0.28307.136
MinimumVisualStudioVersion = 10.0.40219.1
Project("{FAE04EC0-301F-11D3-BF4B-00C04F79EFBC}") = "ConfigureGallery", "ConfigureGallery.csproj", "{6F3649FD-8377-4F1B-8E09-21596D4E6924}"
EndProject
Global
	GlobalSection(SolutionConfigurationPlatforms) = preSolution
		Debug|Any CPU = Debug|Any CPU
		Release|Any CPU = Release|Any CPU
	EndGlobalSection
	GlobalSection(ProjectConfigurationPlatforms) = postSolution
		{6F3649FD-8377-4F1B-8E09-21596D4E6924}.Debug|Any CPU.ActiveCfg = Debug|Any CPU
		{6F3649FD-8377-4F1B-8E09-21596D4E6924}.Debug|Any CPU.Build.0 = Debug|Any CPU
		{6F3649FD-8377-4F1B-8E09-21596D4E6924}.Release|Any CPU.ActiveCfg = Release|Any CPU
		{6F3649FD-8377-4F1B-8E09-21596D4E6924}.Release|Any CPU.Build.0 = Release|Any CPU
	EndGlobalSection
	GlobalSection(SolutionProperties) = preSolution
		HideSolutionNode = FALSE
	EndGlobalSection
	GlobalSection(ExtensibilityGlobals) = postSolution
		SolutionGuid = {42BA99AF-DB66-4381-B8D6-AC6D8FFA2678}
	EndGlobalSection
EndGlobal
