
Microsoft Visual Studio Solution File, Format Version 12.00
# Visual Studio Version 17
VisualStudioVersion = 17.7.34202.233
MinimumVisualStudioVersion = 10.0.40219.1
Project("{FAE04EC0-301F-11D3-BF4B-00C04F79EFBC}") = "RowEventTest", "RowEventTest.csproj", "{7628B7EB-C652-4EF7-8C8A-1013E15228FE}"
EndProject
Global
	GlobalSection(SolutionConfigurationPlatforms) = preSolution
		Debug|Any CPU = Debug|Any CPU
		Release|Any CPU = Release|Any CPU
	EndGlobalSection
	GlobalSection(ProjectConfigurationPlatforms) = postSolution
		{7628B7EB-C652-4EF7-8C8A-1013E15228FE}.Debug|Any CPU.ActiveCfg = Debug|Any CPU
		{7628B7EB-C652-4EF7-8C8A-1013E15228FE}.Debug|Any CPU.Build.0 = Debug|Any CPU
		{7628B7EB-C652-4EF7-8C8A-1013E15228FE}.Release|Any CPU.ActiveCfg = Release|Any CPU
		{7628B7EB-C652-4EF7-8C8A-1013E15228FE}.Release|Any CPU.Build.0 = Release|Any CPU
	EndGlobalSection
	GlobalSection(SolutionProperties) = preSolution
		HideSolutionNode = FALSE
	EndGlobalSection
	GlobalSection(ExtensibilityGlobals) = postSolution
		SolutionGuid = {D1384E47-9185-49F7-A127-D423B64969B6}
	EndGlobalSection
EndGlobal
