
Microsoft Visual Studio Solution File, Format Version 12.00
# Visual Studio 2013
VisualStudioVersion = 12.0.31101.0
MinimumVisualStudioVersion = 10.0.40219.1
Project("{FAE04EC0-301F-11D3-BF4B-00C04F79EFBC}") = "Navigating-camera-with-ArcGIS-Pro", "Navigating-camera-with-ArcGIS-Pro.csproj", "{CAF404F8-0F52-471C-9193-1197DEDE337C}"
EndProject
Global
	GlobalSection(SolutionConfigurationPlatforms) = preSolution
		Debug|Any CPU = Debug|Any CPU
		Release|Any CPU = Release|Any CPU
	EndGlobalSection
	GlobalSection(ProjectConfigurationPlatforms) = postSolution
		{CAF404F8-0F52-471C-9193-1197DEDE337C}.Debug|Any CPU.ActiveCfg = Debug|Any CPU
		{CAF404F8-0F52-471C-9193-1197DEDE337C}.Debug|Any CPU.Build.0 = Debug|Any CPU
		{CAF404F8-0F52-471C-9193-1197DEDE337C}.Release|Any CPU.ActiveCfg = Release|Any CPU
		{CAF404F8-0F52-471C-9193-1197DEDE337C}.Release|Any CPU.Build.0 = Release|Any CPU
	EndGlobalSection
	GlobalSection(SolutionProperties) = preSolution
		HideSolutionNode = FALSE
	EndGlobalSection
EndGlobal
