
Microsoft Visual Studio Solution File, Format Version 12.00
# Visual Studio 15
VisualStudioVersion = 15.0.28010.2046
MinimumVisualStudioVersion = 10.0.40219.1
Project("{FAE04EC0-301F-11D3-BF4B-00C04F79EFBC}") = "PlaceText", "PlaceText.csproj", "{C47F5642-A45B-4A5D-ADB0-BE2BA477B1AB}"
EndProject
Global
	GlobalSection(SolutionConfigurationPlatforms) = preSolution
		Debug|Any CPU = Debug|Any CPU
		Release|Any CPU = Release|Any CPU
	EndGlobalSection
	GlobalSection(ProjectConfigurationPlatforms) = postSolution
		{C47F5642-A45B-4A5D-ADB0-BE2BA477B1AB}.Debug|Any CPU.ActiveCfg = Debug|Any CPU
		{C47F5642-A45B-4A5D-ADB0-BE2BA477B1AB}.Debug|Any CPU.Build.0 = Debug|Any CPU
		{C47F5642-A45B-4A5D-ADB0-BE2BA477B1AB}.Release|Any CPU.ActiveCfg = Release|Any CPU
		{C47F5642-A45B-4A5D-ADB0-BE2BA477B1AB}.Release|Any CPU.Build.0 = Release|Any CPU
	EndGlobalSection
	GlobalSection(SolutionProperties) = preSolution
		HideSolutionNode = FALSE
	EndGlobalSection
	GlobalSection(ExtensibilityGlobals) = postSolution
		SolutionGuid = {2B16B3AE-E2E9-4B85-B204-11DC53A223D2}
	EndGlobalSection
EndGlobal
