
Microsoft Visual Studio Solution File, Format Version 12.00
# Visual Studio Version 17
VisualStudioVersion = 17.5.33502.453
MinimumVisualStudioVersion = 10.0.40219.1
Project("{FAE04EC0-301F-11D3-BF4B-00C04F79EFBC}") = "GeoProcesssingEventsWithUI", "GeoProcesssingEventsWithUI.csproj", "{6040A5EA-FE57-46C9-800C-F9C2B43D0737}"
EndProject
Global
	GlobalSection(SolutionConfigurationPlatforms) = preSolution
		Debug|Any CPU = Debug|Any CPU
		Release|Any CPU = Release|Any CPU
	EndGlobalSection
	GlobalSection(ProjectConfigurationPlatforms) = postSolution
		{6040A5EA-FE57-46C9-800C-F9C2B43D0737}.Debug|Any CPU.ActiveCfg = Debug|Any CPU
		{6040A5EA-FE57-46C9-800C-F9C2B43D0737}.Debug|Any CPU.Build.0 = Debug|Any CPU
		{6040A5EA-FE57-46C9-800C-F9C2B43D0737}.Release|Any CPU.ActiveCfg = Release|Any CPU
		{6040A5EA-FE57-46C9-800C-F9C2B43D0737}.Release|Any CPU.Build.0 = Release|Any CPU
	EndGlobalSection
	GlobalSection(SolutionProperties) = preSolution
		HideSolutionNode = FALSE
	EndGlobalSection
	GlobalSection(ExtensibilityGlobals) = postSolution
		SolutionGuid = {EB7B286B-CD10-4A1F-98CD-CBBD8204FA39}
	EndGlobalSection
EndGlobal
