
Microsoft Visual Studio Solution File, Format Version 12.00
# Visual Studio Version 17
VisualStudioVersion = 17.3.32819.101
MinimumVisualStudioVersion = 10.0.40219.1
Project("{9A19103F-16F7-4668-BE54-9A1E7A4F7556}") = "ToFromWarehouse", "ToFromWarehouse.csproj", "{2A924399-8C20-4BF7-85DB-6A53659D5937}"
EndProject
Global
	GlobalSection(SolutionConfigurationPlatforms) = preSolution
		Debug|Any CPU = Debug|Any CPU
		Release|Any CPU = Release|Any CPU
	EndGlobalSection
	GlobalSection(ProjectConfigurationPlatforms) = postSolution
		{2A924399-8C20-4BF7-85DB-6A53659D5937}.Debug|Any CPU.ActiveCfg = Debug|Any CPU
		{2A924399-8C20-4BF7-85DB-6A53659D5937}.Debug|Any CPU.Build.0 = Debug|Any CPU
		{2A924399-8C20-4BF7-85DB-6A53659D5937}.Release|Any CPU.ActiveCfg = Release|Any CPU
		{2A924399-8C20-4BF7-85DB-6A53659D5937}.Release|Any CPU.Build.0 = Release|Any CPU
	EndGlobalSection
	GlobalSection(SolutionProperties) = preSolution
		HideSolutionNode = FALSE
	EndGlobalSection
	GlobalSection(ExtensibilityGlobals) = postSolution
		SolutionGuid = {FE8F516B-F37C-4976-AE28-143C2692BF1A}
	EndGlobalSection
EndGlobal
